// !$*UTF8*$!
{
	archiveVersion = 1;
	classes = {
	};
	objectVersion = 46;
	objects = {

/* Begin PBXBuildFile section */
		2C93AD870655485BB1F4A131 /* libPods-BarTab.a in Frameworks */ = {isa = PBXBuildFile; fileRef = B4A21F952E16429881E041A7 /* libPods-BarTab.a */; };
		4107FA7D199484DD00FBC6BE /* regift.png in Resources */ = {isa = PBXBuildFile; fileRef = 4107FA7C199484DD00FBC6BE /* regift.png */; };
		4107FA81199488A600FBC6BE /* regift1.png in Resources */ = {isa = PBXBuildFile; fileRef = 4107FA80199488A600FBC6BE /* regift1.png */; };
		4107FA8619970B9C00FBC6BE /* gift_icon.png in Resources */ = {isa = PBXBuildFile; fileRef = 4107FA8219970B9C00FBC6BE /* gift_icon.png */; };
		4107FA8719970B9C00FBC6BE /* navbar.png in Resources */ = {isa = PBXBuildFile; fileRef = 4107FA8319970B9C00FBC6BE /* navbar.png */; };
		4107FA8819970B9C00FBC6BE /* people_icon.png in Resources */ = {isa = PBXBuildFile; fileRef = 4107FA8419970B9C00FBC6BE /* people_icon.png */; };
		4107FA8919970B9C00FBC6BE /* search_icon.png in Resources */ = {isa = PBXBuildFile; fileRef = 4107FA8519970B9C00FBC6BE /* search_icon.png */; };
		4107FAF319987DBD00FBC6BE /* martini_icon0.png in Resources */ = {isa = PBXBuildFile; fileRef = 4107FAD019987DBD00FBC6BE /* martini_icon0.png */; };
		4107FAF419987DBD00FBC6BE /* martini_icon1.png in Resources */ = {isa = PBXBuildFile; fileRef = 4107FAD119987DBD00FBC6BE /* martini_icon1.png */; };
		4107FAF519987DBD00FBC6BE /* martini_icon10.png in Resources */ = {isa = PBXBuildFile; fileRef = 4107FAD219987DBD00FBC6BE /* martini_icon10.png */; };
		4107FAF619987DBD00FBC6BE /* martini_icon11.png in Resources */ = {isa = PBXBuildFile; fileRef = 4107FAD319987DBD00FBC6BE /* martini_icon11.png */; };
		4107FAF719987DBD00FBC6BE /* martini_icon12.png in Resources */ = {isa = PBXBuildFile; fileRef = 4107FAD419987DBD00FBC6BE /* martini_icon12.png */; };
		4107FAF819987DBD00FBC6BE /* martini_icon13.png in Resources */ = {isa = PBXBuildFile; fileRef = 4107FAD519987DBD00FBC6BE /* martini_icon13.png */; };
		4107FAF919987DBD00FBC6BE /* martini_icon14.png in Resources */ = {isa = PBXBuildFile; fileRef = 4107FAD619987DBD00FBC6BE /* martini_icon14.png */; };
		4107FAFA19987DBD00FBC6BE /* martini_icon15.png in Resources */ = {isa = PBXBuildFile; fileRef = 4107FAD719987DBD00FBC6BE /* martini_icon15.png */; };
		4107FAFB19987DBD00FBC6BE /* martini_icon16.png in Resources */ = {isa = PBXBuildFile; fileRef = 4107FAD819987DBD00FBC6BE /* martini_icon16.png */; };
		4107FAFC19987DBD00FBC6BE /* martini_icon17.png in Resources */ = {isa = PBXBuildFile; fileRef = 4107FAD919987DBD00FBC6BE /* martini_icon17.png */; };
		4107FAFD19987DBD00FBC6BE /* martini_icon18.png in Resources */ = {isa = PBXBuildFile; fileRef = 4107FADA19987DBD00FBC6BE /* martini_icon18.png */; };
		4107FAFE19987DBD00FBC6BE /* martini_icon19.png in Resources */ = {isa = PBXBuildFile; fileRef = 4107FADB19987DBD00FBC6BE /* martini_icon19.png */; };
		4107FAFF19987DBD00FBC6BE /* martini_icon2.png in Resources */ = {isa = PBXBuildFile; fileRef = 4107FADC19987DBD00FBC6BE /* martini_icon2.png */; };
		4107FB0019987DBD00FBC6BE /* martini_icon20.png in Resources */ = {isa = PBXBuildFile; fileRef = 4107FADD19987DBD00FBC6BE /* martini_icon20.png */; };
		4107FB0119987DBD00FBC6BE /* martini_icon21.png in Resources */ = {isa = PBXBuildFile; fileRef = 4107FADE19987DBD00FBC6BE /* martini_icon21.png */; };
		4107FB0219987DBD00FBC6BE /* martini_icon22.png in Resources */ = {isa = PBXBuildFile; fileRef = 4107FADF19987DBD00FBC6BE /* martini_icon22.png */; };
		4107FB0319987DBD00FBC6BE /* martini_icon23.png in Resources */ = {isa = PBXBuildFile; fileRef = 4107FAE019987DBD00FBC6BE /* martini_icon23.png */; };
		4107FB0419987DBD00FBC6BE /* martini_icon24.png in Resources */ = {isa = PBXBuildFile; fileRef = 4107FAE119987DBD00FBC6BE /* martini_icon24.png */; };
		4107FB0519987DBD00FBC6BE /* martini_icon25.png in Resources */ = {isa = PBXBuildFile; fileRef = 4107FAE219987DBD00FBC6BE /* martini_icon25.png */; };
		4107FB0619987DBD00FBC6BE /* martini_icon26.png in Resources */ = {isa = PBXBuildFile; fileRef = 4107FAE319987DBD00FBC6BE /* martini_icon26.png */; };
		4107FB0719987DBD00FBC6BE /* martini_icon27.png in Resources */ = {isa = PBXBuildFile; fileRef = 4107FAE419987DBD00FBC6BE /* martini_icon27.png */; };
		4107FB0819987DBD00FBC6BE /* martini_icon28.png in Resources */ = {isa = PBXBuildFile; fileRef = 4107FAE519987DBD00FBC6BE /* martini_icon28.png */; };
		4107FB0919987DBD00FBC6BE /* martini_icon29.png in Resources */ = {isa = PBXBuildFile; fileRef = 4107FAE619987DBD00FBC6BE /* martini_icon29.png */; };
		4107FB0A19987DBD00FBC6BE /* martini_icon3.png in Resources */ = {isa = PBXBuildFile; fileRef = 4107FAE719987DBD00FBC6BE /* martini_icon3.png */; };
		4107FB0B19987DBD00FBC6BE /* martini_icon30.png in Resources */ = {isa = PBXBuildFile; fileRef = 4107FAE819987DBD00FBC6BE /* martini_icon30.png */; };
		4107FB0C19987DBD00FBC6BE /* martini_icon31.png in Resources */ = {isa = PBXBuildFile; fileRef = 4107FAE919987DBD00FBC6BE /* martini_icon31.png */; };
		4107FB0D19987DBD00FBC6BE /* martini_icon32.png in Resources */ = {isa = PBXBuildFile; fileRef = 4107FAEA19987DBD00FBC6BE /* martini_icon32.png */; };
		4107FB0E19987DBD00FBC6BE /* martini_icon33.png in Resources */ = {isa = PBXBuildFile; fileRef = 4107FAEB19987DBD00FBC6BE /* martini_icon33.png */; };
		4107FB0F19987DBD00FBC6BE /* martini_icon4.png in Resources */ = {isa = PBXBuildFile; fileRef = 4107FAEC19987DBD00FBC6BE /* martini_icon4.png */; };
		4107FB1019987DBD00FBC6BE /* martini_icon5.png in Resources */ = {isa = PBXBuildFile; fileRef = 4107FAED19987DBD00FBC6BE /* martini_icon5.png */; };
		4107FB1119987DBD00FBC6BE /* martini_icon6.png in Resources */ = {isa = PBXBuildFile; fileRef = 4107FAEE19987DBD00FBC6BE /* martini_icon6.png */; };
		4107FB1219987DBD00FBC6BE /* martini_icon7.png in Resources */ = {isa = PBXBuildFile; fileRef = 4107FAEF19987DBD00FBC6BE /* martini_icon7.png */; };
		4107FB1319987DBD00FBC6BE /* martini_icon8.png in Resources */ = {isa = PBXBuildFile; fileRef = 4107FAF019987DBD00FBC6BE /* martini_icon8.png */; };
		4107FB1419987DBD00FBC6BE /* martini_icon9.png in Resources */ = {isa = PBXBuildFile; fileRef = 4107FAF119987DBD00FBC6BE /* martini_icon9.png */; };
		4107FB1519987DBD00FBC6BE /* Thumbs.db in Resources */ = {isa = PBXBuildFile; fileRef = 4107FAF219987DBD00FBC6BE /* Thumbs.db */; };
		4107FB17199883CE00FBC6BE /* martini_icon34.png in Resources */ = {isa = PBXBuildFile; fileRef = 4107FB16199883CE00FBC6BE /* martini_icon34.png */; };
		4107FB1B199887F700FBC6BE /* hallmark_card_icon.png in Resources */ = {isa = PBXBuildFile; fileRef = 4107FB18199887F700FBC6BE /* hallmark_card_icon.png */; };
		4107FB1C199887F700FBC6BE /* martini_white_icon.png in Resources */ = {isa = PBXBuildFile; fileRef = 4107FB19199887F700FBC6BE /* martini_white_icon.png */; };
		4107FB1D199887F700FBC6BE /* plate_cutlery_icon.png in Resources */ = {isa = PBXBuildFile; fileRef = 4107FB1A199887F700FBC6BE /* plate_cutlery_icon.png */; };
		411B15B119AED7CA00202F37 /* SettingsViewController.m in Sources */ = {isa = PBXBuildFile; fileRef = 411B15B019AED7CA00202F37 /* SettingsViewController.m */; };
		4120C4DC199B2D1A004704F5 /* card_red.png in Resources */ = {isa = PBXBuildFile; fileRef = 4120C4D7199B2D1A004704F5 /* card_red.png */; };
		4120C4DE199B2D1A004704F5 /* chocolate_red.png in Resources */ = {isa = PBXBuildFile; fileRef = 4120C4D9199B2D1A004704F5 /* chocolate_red.png */; };
		4120C4DF199B2D1A004704F5 /* life is like.png in Resources */ = {isa = PBXBuildFile; fileRef = 4120C4DA199B2D1A004704F5 /* life is like.png */; };
		4120C4EF199C5D0A004704F5 /* card_faded.png in Resources */ = {isa = PBXBuildFile; fileRef = 4120C4E3199C5D0A004704F5 /* card_faded.png */; };
		4120C4F1199C5D0A004704F5 /* card_red.png in Resources */ = {isa = PBXBuildFile; fileRef = 4120C4E5199C5D0A004704F5 /* card_red.png */; };
		4120C4F2199C5D0A004704F5 /* checkmark.png in Resources */ = {isa = PBXBuildFile; fileRef = 4120C4E6199C5D0A004704F5 /* checkmark.png */; };
		4120C4F3199C5D0A004704F5 /* chocolate_faded.png in Resources */ = {isa = PBXBuildFile; fileRef = 4120C4E7199C5D0A004704F5 /* chocolate_faded.png */; };
		4120C4F5199C5D0A004704F5 /* chocolate_red.png in Resources */ = {isa = PBXBuildFile; fileRef = 4120C4E9199C5D0A004704F5 /* chocolate_red.png */; };
		4120C4F6199C5D0A004704F5 /* life is like.png in Resources */ = {isa = PBXBuildFile; fileRef = 4120C4EA199C5D0A004704F5 /* life is like.png */; };
		4120C4F7199C5D0A004704F5 /* what its telling you.png in Resources */ = {isa = PBXBuildFile; fileRef = 4120C4EB199C5D0A004704F5 /* what its telling you.png */; };
		4120C4F8199C5D0A004704F5 /* what youre going to get.png in Resources */ = {isa = PBXBuildFile; fileRef = 4120C4EC199C5D0A004704F5 /* what youre going to get.png */; };
		4120C4F9199C5D0A004704F5 /* where its heading.png in Resources */ = {isa = PBXBuildFile; fileRef = 4120C4ED199C5D0A004704F5 /* where its heading.png */; };
		4120C4FA199C5D0A004704F5 /* x-mark.png in Resources */ = {isa = PBXBuildFile; fileRef = 4120C4EE199C5D0A004704F5 /* x-mark.png */; };
		4120C4FD199C5D75004704F5 /* card_green.png in Resources */ = {isa = PBXBuildFile; fileRef = 4120C4FB199C5D75004704F5 /* card_green.png */; };
		4120C4FE199C5D75004704F5 /* chocolate_green.png in Resources */ = {isa = PBXBuildFile; fileRef = 4120C4FC199C5D75004704F5 /* chocolate_green.png */; };
		4120C515199E704C004704F5 /* card.png in Resources */ = {isa = PBXBuildFile; fileRef = 4120C501199E704C004704F5 /* card.png */; };
		4120C516199E704C004704F5 /* chocolate_icon.png in Resources */ = {isa = PBXBuildFile; fileRef = 4120C502199E704C004704F5 /* chocolate_icon.png */; };
		4120C517199E704C004704F5 /* green_overlay.png in Resources */ = {isa = PBXBuildFile; fileRef = 4120C503199E704C004704F5 /* green_overlay.png */; };
		4120C518199E704C004704F5 /* martini_icon.png in Resources */ = {isa = PBXBuildFile; fileRef = 4120C504199E704C004704F5 /* martini_icon.png */; };
		4120C519199E704C004704F5 /* rose_icon.png in Resources */ = {isa = PBXBuildFile; fileRef = 4120C505199E704C004704F5 /* rose_icon.png */; };
		4120C51A199E704C004704F5 /* Thumbs.db in Resources */ = {isa = PBXBuildFile; fileRef = 4120C506199E704C004704F5 /* Thumbs.db */; };
		4120C51B199E704C004704F5 /* gift_outline.png in Resources */ = {isa = PBXBuildFile; fileRef = 4120C508199E704C004704F5 /* gift_outline.png */; };
		4120C51C199E704C004704F5 /* gift_solid.png in Resources */ = {isa = PBXBuildFile; fileRef = 4120C509199E704C004704F5 /* gift_solid.png */; };
		4120C51D199E704C004704F5 /* navbar.png in Resources */ = {isa = PBXBuildFile; fileRef = 4120C50A199E704C004704F5 /* navbar.png */; };
		4120C51E199E704C004704F5 /* person_outline.png in Resources */ = {isa = PBXBuildFile; fileRef = 4120C50B199E704C004704F5 /* person_outline.png */; };
		4120C51F199E704C004704F5 /* person_solid.png in Resources */ = {isa = PBXBuildFile; fileRef = 4120C50C199E704C004704F5 /* person_solid.png */; };
		4120C520199E704C004704F5 /* search_outline.png in Resources */ = {isa = PBXBuildFile; fileRef = 4120C50D199E704C004704F5 /* search_outline.png */; };
		4120C521199E704C004704F5 /* search_solid.png in Resources */ = {isa = PBXBuildFile; fileRef = 4120C50E199E704C004704F5 /* search_solid.png */; };
		4120C522199E704C004704F5 /* Thumbs.db in Resources */ = {isa = PBXBuildFile; fileRef = 4120C50F199E704C004704F5 /* Thumbs.db */; };
		4120C523199E704C004704F5 /* rose_background.png in Resources */ = {isa = PBXBuildFile; fileRef = 4120C511199E704C004704F5 /* rose_background.png */; };
		4120C524199E704C004704F5 /* drawer.png in Resources */ = {isa = PBXBuildFile; fileRef = 4120C512199E704C004704F5 /* drawer.png */; };
		4120C525199E704C004704F5 /* send_button.png in Resources */ = {isa = PBXBuildFile; fileRef = 4120C513199E704C004704F5 /* send_button.png */; };
		4120C526199E704C004704F5 /* Thumbs.db in Resources */ = {isa = PBXBuildFile; fileRef = 4120C514199E704C004704F5 /* Thumbs.db */; };
		4120C529199EB0BB004704F5 /* RoseGiftScreen.m in Sources */ = {isa = PBXBuildFile; fileRef = 4120C528199EB0BB004704F5 /* RoseGiftScreen.m */; };
		4120C52E19A273E2004704F5 /* ChocolateGiftScreen.m in Sources */ = {isa = PBXBuildFile; fileRef = 4120C52D19A273E2004704F5 /* ChocolateGiftScreen.m */; };
		4120C53119A27D41004704F5 /* DrinkGiftScreen.m in Sources */ = {isa = PBXBuildFile; fileRef = 4120C53019A27D41004704F5 /* DrinkGiftScreen.m */; };
		4120C53F19A3AB3D004704F5 /* bar bg image.png in Resources */ = {isa = PBXBuildFile; fileRef = 4120C53E19A3AB3D004704F5 /* bar bg image.png */; };
		4120C54319A3AF6D004704F5 /* 18ct.png in Resources */ = {isa = PBXBuildFile; fileRef = 4120C54019A3AF6D004704F5 /* 18ct.png */; };
		4120C54419A3AF6D004704F5 /* 24ct.png in Resources */ = {isa = PBXBuildFile; fileRef = 4120C54119A3AF6D004704F5 /* 24ct.png */; };
		4120C54919A3CADC004704F5 /* 1dozen.png in Resources */ = {isa = PBXBuildFile; fileRef = 4120C54619A3CADC004704F5 /* 1dozen.png */; };
		4120C54A19A3CADC004704F5 /* 2dozen.png in Resources */ = {isa = PBXBuildFile; fileRef = 4120C54719A3CADC004704F5 /* 2dozen.png */; };
		4120C54B19A3CADC004704F5 /* 3dozen.png in Resources */ = {isa = PBXBuildFile; fileRef = 4120C54819A3CADC004704F5 /* 3dozen.png */; };
		4120C55019A3D518004704F5 /* chocolate_circle.png in Resources */ = {isa = PBXBuildFile; fileRef = 4120C54D19A3D518004704F5 /* chocolate_circle.png */; };
		4120C55119A3D518004704F5 /* drink_circle.png in Resources */ = {isa = PBXBuildFile; fileRef = 4120C54E19A3D518004704F5 /* drink_circle.png */; };
		4120C55219A3D518004704F5 /* rose_circle.png in Resources */ = {isa = PBXBuildFile; fileRef = 4120C54F19A3D518004704F5 /* rose_circle.png */; };
		4120C55419A452C4004704F5 /* 48ct.png in Resources */ = {isa = PBXBuildFile; fileRef = 4120C55319A452C4004704F5 /* 48ct.png */; };
		4120C55A19A51706004704F5 /* MasterRootViewController.m in Sources */ = {isa = PBXBuildFile; fileRef = 4120C55919A51706004704F5 /* MasterRootViewController.m */; };
		4120C55C19A6E9D1004704F5 /* settings_solid.png in Resources */ = {isa = PBXBuildFile; fileRef = 4120C55B19A6E9D1004704F5 /* settings_solid.png */; };
		4120C55E19A6EA35004704F5 /* logo.png in Resources */ = {isa = PBXBuildFile; fileRef = 4120C55D19A6EA35004704F5 /* logo.png */; };
		4120C56519A6F3EB004704F5 /* apoorva.jpg in Resources */ = {isa = PBXBuildFile; fileRef = 4120C56019A6F3EB004704F5 /* apoorva.jpg */; };
		4120C56619A6F3EB004704F5 /* krishan.jpg in Resources */ = {isa = PBXBuildFile; fileRef = 4120C56119A6F3EB004704F5 /* krishan.jpg */; };
		4120C56719A6F3EB004704F5 /* max.jpg in Resources */ = {isa = PBXBuildFile; fileRef = 4120C56219A6F3EB004704F5 /* max.jpg */; };
		4120C56819A6F3EB004704F5 /* nilesh.jpg in Resources */ = {isa = PBXBuildFile; fileRef = 4120C56319A6F3EB004704F5 /* nilesh.jpg */; };
		4120C56919A6F3EB004704F5 /* shiv.jpg in Resources */ = {isa = PBXBuildFile; fileRef = 4120C56419A6F3EB004704F5 /* shiv.jpg */; };
		4120C57019A7A543004704F5 /* ankur.jpg in Resources */ = {isa = PBXBuildFile; fileRef = 4120C56A19A7A543004704F5 /* ankur.jpg */; };
		4120C57119A7A543004704F5 /* deepika.jpg in Resources */ = {isa = PBXBuildFile; fileRef = 4120C56B19A7A543004704F5 /* deepika.jpg */; };
		4120C57219A7A543004704F5 /* dilip.jpg in Resources */ = {isa = PBXBuildFile; fileRef = 4120C56C19A7A543004704F5 /* dilip.jpg */; };
		4120C57319A7A543004704F5 /* kishan.jpg in Resources */ = {isa = PBXBuildFile; fileRef = 4120C56D19A7A543004704F5 /* kishan.jpg */; };
		4120C57419A7A543004704F5 /* ricky.jpg in Resources */ = {isa = PBXBuildFile; fileRef = 4120C56E19A7A543004704F5 /* ricky.jpg */; };
		4120C57519A7A543004704F5 /* ronak.jpg in Resources */ = {isa = PBXBuildFile; fileRef = 4120C56F19A7A543004704F5 /* ronak.jpg */; };
		4120C57719A80CB8004704F5 /* logo_simplified.png in Resources */ = {isa = PBXBuildFile; fileRef = 4120C57619A80CB8004704F5 /* logo_simplified.png */; };
		41310B0A1983136900ABCC0D /* KLCPopup.m in Sources */ = {isa = PBXBuildFile; fileRef = 41310B091983136900ABCC0D /* KLCPopup.m */; };
		41310B0C1985F7EA00ABCC0D /* MediaPlayer.framework in Frameworks */ = {isa = PBXBuildFile; fileRef = 41310B0B1985F7EA00ABCC0D /* MediaPlayer.framework */; };
		41310B0E1985F8FE00ABCC0D /* myvid.m4v in Resources */ = {isa = PBXBuildFile; fileRef = 41310B0D1985F8A900ABCC0D /* myvid.m4v */; };
		414D4EA41981613900FBE74C /* ReceivingViewController.m in Sources */ = {isa = PBXBuildFile; fileRef = 414D4EA31981613900FBE74C /* ReceivingViewController.m */; };
		417463EE19B03E4100BAE23F /* MessageUI.framework in Frameworks */ = {isa = PBXBuildFile; fileRef = 417463ED19B03E4100BAE23F /* MessageUI.framework */; };
		417463F019B1052400BAE23F /* PrivacyPolicy.txt in Resources */ = {isa = PBXBuildFile; fileRef = 417463EF19B1052400BAE23F /* PrivacyPolicy.txt */; };
		417463F219B1083200BAE23F /* TermsAndConditions.txt in Resources */ = {isa = PBXBuildFile; fileRef = 417463F119B1083200BAE23F /* TermsAndConditions.txt */; };
		417463F519B11B7E00BAE23F /* cardtypes.png in Resources */ = {isa = PBXBuildFile; fileRef = 417463F419B11B7E00BAE23F /* cardtypes.png */; };
		417463F719B2DBE600BAE23F /* backarrow.png in Resources */ = {isa = PBXBuildFile; fileRef = 417463F619B2DBE600BAE23F /* backarrow.png */; };
		417463F919B2DDE400BAE23F /* backarrow2.png in Resources */ = {isa = PBXBuildFile; fileRef = 417463F819B2DDE400BAE23F /* backarrow2.png */; };
		417463FD19B391CB00BAE23F /* chocolate_receiving.png in Resources */ = {isa = PBXBuildFile; fileRef = 417463FA19B391CB00BAE23F /* chocolate_receiving.png */; };
		417463FE19B391CB00BAE23F /* martini_receiving.png in Resources */ = {isa = PBXBuildFile; fileRef = 417463FB19B391CB00BAE23F /* martini_receiving.png */; };
		417463FF19B391CB00BAE23F /* rose_receiving.png in Resources */ = {isa = PBXBuildFile; fileRef = 417463FC19B391CB00BAE23F /* rose_receiving.png */; };
		4174640219B5660900BAE23F /* GiftHandlingView.m in Sources */ = {isa = PBXBuildFile; fileRef = 4174640119B5660900BAE23F /* GiftHandlingView.m */; };
		41A4D9F01990838F0079C7BC /* qr1.png in Resources */ = {isa = PBXBuildFile; fileRef = 41A4D9EC1990838F0079C7BC /* qr1.png */; };
		41A4D9F11990838F0079C7BC /* qr2.png in Resources */ = {isa = PBXBuildFile; fileRef = 41A4D9ED1990838F0079C7BC /* qr2.png */; };
		41A4D9F21990838F0079C7BC /* qr3.png in Resources */ = {isa = PBXBuildFile; fileRef = 41A4D9EE1990838F0079C7BC /* qr3.png */; };
		41A4D9F31990838F0079C7BC /* qr4.jpg in Resources */ = {isa = PBXBuildFile; fileRef = 41A4D9EF1990838F0079C7BC /* qr4.jpg */; };
		41A4D9F51993325E0079C7BC /* s.png in Resources */ = {isa = PBXBuildFile; fileRef = 41A4D9F41993325E0079C7BC /* s.png */; };
		41A4D9F7199339130079C7BC /* gift.png in Resources */ = {isa = PBXBuildFile; fileRef = 41A4D9F6199339130079C7BC /* gift.png */; };
		41A4D9FE199347890079C7BC /* paris1.jpeg in Resources */ = {isa = PBXBuildFile; fileRef = 41A4D9FA199347890079C7BC /* paris1.jpeg */; };
		41A4D9FF199347890079C7BC /* paris2.jpg in Resources */ = {isa = PBXBuildFile; fileRef = 41A4D9FB199347890079C7BC /* paris2.jpg */; };
		41A4DA00199347890079C7BC /* paris3.jpg in Resources */ = {isa = PBXBuildFile; fileRef = 41A4D9FC199347890079C7BC /* paris3.jpg */; };
		41A4DA01199347890079C7BC /* paris4.jpg in Resources */ = {isa = PBXBuildFile; fileRef = 41A4D9FD199347890079C7BC /* paris4.jpg */; };
		41A9AB49198AC52700768C2C /* logo1.png in Resources */ = {isa = PBXBuildFile; fileRef = 41A9AB41198AC52700768C2C /* logo1.png */; };
		41A9AB4A198AC52700768C2C /* logo2.png in Resources */ = {isa = PBXBuildFile; fileRef = 41A9AB42198AC52700768C2C /* logo2.png */; };
		41A9AB4B198AC52700768C2C /* logo3.png in Resources */ = {isa = PBXBuildFile; fileRef = 41A9AB43198AC52700768C2C /* logo3.png */; };
		41A9AB4C198AC52700768C2C /* logo4.png in Resources */ = {isa = PBXBuildFile; fileRef = 41A9AB44198AC52700768C2C /* logo4.png */; };
		41A9AB4D198AC52700768C2C /* logo5.png in Resources */ = {isa = PBXBuildFile; fileRef = 41A9AB45198AC52700768C2C /* logo5.png */; };
		41A9AB4E198AC52700768C2C /* logo6.png in Resources */ = {isa = PBXBuildFile; fileRef = 41A9AB46198AC52700768C2C /* logo6.png */; };
		41A9AB4F198AC52700768C2C /* logo7.png in Resources */ = {isa = PBXBuildFile; fileRef = 41A9AB47198AC52700768C2C /* logo7.png */; };
		41A9AB50198AC52700768C2C /* plus.png in Resources */ = {isa = PBXBuildFile; fileRef = 41A9AB48198AC52700768C2C /* plus.png */; };
		41A9AB52198ACBAA00768C2C /* sampleAbhiSunny.jpg in Resources */ = {isa = PBXBuildFile; fileRef = 41A9AB51198ACBAA00768C2C /* sampleAbhiSunny.jpg */; };
		41A9AB55198AD17B00768C2C /* cancel.png in Resources */ = {isa = PBXBuildFile; fileRef = 41A9AB53198AD17B00768C2C /* cancel.png */; };
		41A9AB56198AD17B00768C2C /* ok.png in Resources */ = {isa = PBXBuildFile; fileRef = 41A9AB54198AD17B00768C2C /* ok.png */; };
		41A9AB58198AD93000768C2C /* sampleEdward.jpg in Resources */ = {isa = PBXBuildFile; fileRef = 41A9AB57198AD93000768C2C /* sampleEdward.jpg */; };
		41A9AB5A198AD95900768C2C /* sampleVarshil.jpg in Resources */ = {isa = PBXBuildFile; fileRef = 41A9AB59198AD95900768C2C /* sampleVarshil.jpg */; };
		41A9AB5C198AE5FB00768C2C /* sampleSunny.jpg in Resources */ = {isa = PBXBuildFile; fileRef = 41A9AB5B198AE5FB00768C2C /* sampleSunny.jpg */; };
		41A9AB5E198B313A00768C2C /* sampleNisha.jpg in Resources */ = {isa = PBXBuildFile; fileRef = 41A9AB5D198B313A00768C2C /* sampleNisha.jpg */; };
		41B4E89619907BE40016F5F9 /* reclogo1.png in Resources */ = {isa = PBXBuildFile; fileRef = 41B4E89219907BE40016F5F9 /* reclogo1.png */; };
		41B4E89719907BE40016F5F9 /* reclogo2.png in Resources */ = {isa = PBXBuildFile; fileRef = 41B4E89319907BE40016F5F9 /* reclogo2.png */; };
		41B4E89819907BE40016F5F9 /* reclogo3.png in Resources */ = {isa = PBXBuildFile; fileRef = 41B4E89419907BE40016F5F9 /* reclogo3.png */; };
		41B4E89919907BE40016F5F9 /* reclogo4.png in Resources */ = {isa = PBXBuildFile; fileRef = 41B4E89519907BE40016F5F9 /* reclogo4.png */; };
		41BDB2FF197A07C10043AA8A /* Foundation.framework in Frameworks */ = {isa = PBXBuildFile; fileRef = 41BDB2FE197A07C10043AA8A /* Foundation.framework */; };
		41BDB301197A07C10043AA8A /* CoreGraphics.framework in Frameworks */ = {isa = PBXBuildFile; fileRef = 41BDB300197A07C10043AA8A /* CoreGraphics.framework */; };
		41BDB303197A07C10043AA8A /* UIKit.framework in Frameworks */ = {isa = PBXBuildFile; fileRef = 41BDB302197A07C10043AA8A /* UIKit.framework */; };
		41BDB309197A07C10043AA8A /* InfoPlist.strings in Resources */ = {isa = PBXBuildFile; fileRef = 41BDB307197A07C10043AA8A /* InfoPlist.strings */; };
		41BDB30B197A07C10043AA8A /* main.m in Sources */ = {isa = PBXBuildFile; fileRef = 41BDB30A197A07C10043AA8A /* main.m */; };
		41BDB30F197A07C10043AA8A /* BarTabAppDelegate.m in Sources */ = {isa = PBXBuildFile; fileRef = 41BDB30E197A07C10043AA8A /* BarTabAppDelegate.m */; };
		41BDB312197A07C10043AA8A /* Main.storyboard in Resources */ = {isa = PBXBuildFile; fileRef = 41BDB310197A07C10043AA8A /* Main.storyboard */; };
		41BDB315197A07C10043AA8A /* BarTabViewController.m in Sources */ = {isa = PBXBuildFile; fileRef = 41BDB314197A07C10043AA8A /* BarTabViewController.m */; };
		41BDB317197A07C10043AA8A /* Images.xcassets in Resources */ = {isa = PBXBuildFile; fileRef = 41BDB316197A07C10043AA8A /* Images.xcassets */; };
		41BDB31E197A07C10043AA8A /* XCTest.framework in Frameworks */ = {isa = PBXBuildFile; fileRef = 41BDB31D197A07C10043AA8A /* XCTest.framework */; };
		41BDB31F197A07C10043AA8A /* Foundation.framework in Frameworks */ = {isa = PBXBuildFile; fileRef = 41BDB2FE197A07C10043AA8A /* Foundation.framework */; };
		41BDB320197A07C10043AA8A /* UIKit.framework in Frameworks */ = {isa = PBXBuildFile; fileRef = 41BDB302197A07C10043AA8A /* UIKit.framework */; };
		41BDB328197A07C10043AA8A /* InfoPlist.strings in Resources */ = {isa = PBXBuildFile; fileRef = 41BDB326197A07C10043AA8A /* InfoPlist.strings */; };
		41BDB32A197A07C10043AA8A /* BarTabTests.m in Sources */ = {isa = PBXBuildFile; fileRef = 41BDB329197A07C10043AA8A /* BarTabTests.m */; };
		41BDB334197A0BC10043AA8A /* FacebookSDK.framework in Frameworks */ = {isa = PBXBuildFile; fileRef = 41BDB333197A0BC10043AA8A /* FacebookSDK.framework */; };
		41BDB337197A10530043AA8A /* GivingViewController.m in Sources */ = {isa = PBXBuildFile; fileRef = 41BDB336197A10530043AA8A /* GivingViewController.m */; };
		41BDB3461980B32A0043AA8A /* PageContentViewController.m in Sources */ = {isa = PBXBuildFile; fileRef = 41BDB3451980B32A0043AA8A /* PageContentViewController.m */; };
		41BDB3511980B5F10043AA8A /* RootTutorialViewController.m in Sources */ = {isa = PBXBuildFile; fileRef = 41BDB3501980B5F10043AA8A /* RootTutorialViewController.m */; };
		41D3F62519C1086E009839D3 /* ServerCalls.m in Sources */ = {isa = PBXBuildFile; fileRef = 41D3F62419C1086E009839D3 /* ServerCalls.m */; };
		41F1E7BA19DE654A00CBE3B5 /* ContactsData.m in Sources */ = {isa = PBXBuildFile; fileRef = 41F1E7B919DE654A00CBE3B5 /* ContactsData.m */; };
/* End PBXBuildFile section */

/* Begin PBXContainerItemProxy section */
		41BDB321197A07C10043AA8A /* PBXContainerItemProxy */ = {
			isa = PBXContainerItemProxy;
			containerPortal = 41BDB2F3197A07C10043AA8A /* Project object */;
			proxyType = 1;
			remoteGlobalIDString = 41BDB2FA197A07C10043AA8A;
			remoteInfo = BarTab;
		};
/* End PBXContainerItemProxy section */

/* Begin PBXFileReference section */
		4107FA7C199484DD00FBC6BE /* regift.png */ = {isa = PBXFileReference; lastKnownFileType = image.png; path = regift.png; sourceTree = "<group>"; };
		4107FA80199488A600FBC6BE /* regift1.png */ = {isa = PBXFileReference; lastKnownFileType = image.png; path = regift1.png; sourceTree = "<group>"; };
		4107FA8219970B9C00FBC6BE /* gift_icon.png */ = {isa = PBXFileReference; lastKnownFileType = image.png; path = gift_icon.png; sourceTree = "<group>"; };
		4107FA8319970B9C00FBC6BE /* navbar.png */ = {isa = PBXFileReference; lastKnownFileType = image.png; path = navbar.png; sourceTree = "<group>"; };
		4107FA8419970B9C00FBC6BE /* people_icon.png */ = {isa = PBXFileReference; lastKnownFileType = image.png; path = people_icon.png; sourceTree = "<group>"; };
		4107FA8519970B9C00FBC6BE /* search_icon.png */ = {isa = PBXFileReference; lastKnownFileType = image.png; path = search_icon.png; sourceTree = "<group>"; };
		4107FAD019987DBD00FBC6BE /* martini_icon0.png */ = {isa = PBXFileReference; lastKnownFileType = image.png; path = martini_icon0.png; sourceTree = "<group>"; };
		4107FAD119987DBD00FBC6BE /* martini_icon1.png */ = {isa = PBXFileReference; lastKnownFileType = image.png; path = martini_icon1.png; sourceTree = "<group>"; };
		4107FAD219987DBD00FBC6BE /* martini_icon10.png */ = {isa = PBXFileReference; lastKnownFileType = image.png; path = martini_icon10.png; sourceTree = "<group>"; };
		4107FAD319987DBD00FBC6BE /* martini_icon11.png */ = {isa = PBXFileReference; lastKnownFileType = image.png; path = martini_icon11.png; sourceTree = "<group>"; };
		4107FAD419987DBD00FBC6BE /* martini_icon12.png */ = {isa = PBXFileReference; lastKnownFileType = image.png; path = martini_icon12.png; sourceTree = "<group>"; };
		4107FAD519987DBD00FBC6BE /* martini_icon13.png */ = {isa = PBXFileReference; lastKnownFileType = image.png; path = martini_icon13.png; sourceTree = "<group>"; };
		4107FAD619987DBD00FBC6BE /* martini_icon14.png */ = {isa = PBXFileReference; lastKnownFileType = image.png; path = martini_icon14.png; sourceTree = "<group>"; };
		4107FAD719987DBD00FBC6BE /* martini_icon15.png */ = {isa = PBXFileReference; lastKnownFileType = image.png; path = martini_icon15.png; sourceTree = "<group>"; };
		4107FAD819987DBD00FBC6BE /* martini_icon16.png */ = {isa = PBXFileReference; lastKnownFileType = image.png; path = martini_icon16.png; sourceTree = "<group>"; };
		4107FAD919987DBD00FBC6BE /* martini_icon17.png */ = {isa = PBXFileReference; lastKnownFileType = image.png; path = martini_icon17.png; sourceTree = "<group>"; };
		4107FADA19987DBD00FBC6BE /* martini_icon18.png */ = {isa = PBXFileReference; lastKnownFileType = image.png; path = martini_icon18.png; sourceTree = "<group>"; };
		4107FADB19987DBD00FBC6BE /* martini_icon19.png */ = {isa = PBXFileReference; lastKnownFileType = image.png; path = martini_icon19.png; sourceTree = "<group>"; };
		4107FADC19987DBD00FBC6BE /* martini_icon2.png */ = {isa = PBXFileReference; lastKnownFileType = image.png; path = martini_icon2.png; sourceTree = "<group>"; };
		4107FADD19987DBD00FBC6BE /* martini_icon20.png */ = {isa = PBXFileReference; lastKnownFileType = image.png; path = martini_icon20.png; sourceTree = "<group>"; };
		4107FADE19987DBD00FBC6BE /* martini_icon21.png */ = {isa = PBXFileReference; lastKnownFileType = image.png; path = martini_icon21.png; sourceTree = "<group>"; };
		4107FADF19987DBD00FBC6BE /* martini_icon22.png */ = {isa = PBXFileReference; lastKnownFileType = image.png; path = martini_icon22.png; sourceTree = "<group>"; };
		4107FAE019987DBD00FBC6BE /* martini_icon23.png */ = {isa = PBXFileReference; lastKnownFileType = image.png; path = martini_icon23.png; sourceTree = "<group>"; };
		4107FAE119987DBD00FBC6BE /* martini_icon24.png */ = {isa = PBXFileReference; lastKnownFileType = image.png; path = martini_icon24.png; sourceTree = "<group>"; };
		4107FAE219987DBD00FBC6BE /* martini_icon25.png */ = {isa = PBXFileReference; lastKnownFileType = image.png; path = martini_icon25.png; sourceTree = "<group>"; };
		4107FAE319987DBD00FBC6BE /* martini_icon26.png */ = {isa = PBXFileReference; lastKnownFileType = image.png; path = martini_icon26.png; sourceTree = "<group>"; };
		4107FAE419987DBD00FBC6BE /* martini_icon27.png */ = {isa = PBXFileReference; lastKnownFileType = image.png; path = martini_icon27.png; sourceTree = "<group>"; };
		4107FAE519987DBD00FBC6BE /* martini_icon28.png */ = {isa = PBXFileReference; lastKnownFileType = image.png; path = martini_icon28.png; sourceTree = "<group>"; };
		4107FAE619987DBD00FBC6BE /* martini_icon29.png */ = {isa = PBXFileReference; lastKnownFileType = image.png; path = martini_icon29.png; sourceTree = "<group>"; };
		4107FAE719987DBD00FBC6BE /* martini_icon3.png */ = {isa = PBXFileReference; lastKnownFileType = image.png; path = martini_icon3.png; sourceTree = "<group>"; };
		4107FAE819987DBD00FBC6BE /* martini_icon30.png */ = {isa = PBXFileReference; lastKnownFileType = image.png; path = martini_icon30.png; sourceTree = "<group>"; };
		4107FAE919987DBD00FBC6BE /* martini_icon31.png */ = {isa = PBXFileReference; lastKnownFileType = image.png; path = martini_icon31.png; sourceTree = "<group>"; };
		4107FAEA19987DBD00FBC6BE /* martini_icon32.png */ = {isa = PBXFileReference; lastKnownFileType = image.png; path = martini_icon32.png; sourceTree = "<group>"; };
		4107FAEB19987DBD00FBC6BE /* martini_icon33.png */ = {isa = PBXFileReference; lastKnownFileType = image.png; path = martini_icon33.png; sourceTree = "<group>"; };
		4107FAEC19987DBD00FBC6BE /* martini_icon4.png */ = {isa = PBXFileReference; lastKnownFileType = image.png; path = martini_icon4.png; sourceTree = "<group>"; };
		4107FAED19987DBD00FBC6BE /* martini_icon5.png */ = {isa = PBXFileReference; lastKnownFileType = image.png; path = martini_icon5.png; sourceTree = "<group>"; };
		4107FAEE19987DBD00FBC6BE /* martini_icon6.png */ = {isa = PBXFileReference; lastKnownFileType = image.png; path = martini_icon6.png; sourceTree = "<group>"; };
		4107FAEF19987DBD00FBC6BE /* martini_icon7.png */ = {isa = PBXFileReference; lastKnownFileType = image.png; path = martini_icon7.png; sourceTree = "<group>"; };
		4107FAF019987DBD00FBC6BE /* martini_icon8.png */ = {isa = PBXFileReference; lastKnownFileType = image.png; path = martini_icon8.png; sourceTree = "<group>"; };
		4107FAF119987DBD00FBC6BE /* martini_icon9.png */ = {isa = PBXFileReference; lastKnownFileType = image.png; path = martini_icon9.png; sourceTree = "<group>"; };
		4107FAF219987DBD00FBC6BE /* Thumbs.db */ = {isa = PBXFileReference; lastKnownFileType = file; path = Thumbs.db; sourceTree = "<group>"; };
		4107FB16199883CE00FBC6BE /* martini_icon34.png */ = {isa = PBXFileReference; lastKnownFileType = image.png; path = martini_icon34.png; sourceTree = "<group>"; };
		4107FB18199887F700FBC6BE /* hallmark_card_icon.png */ = {isa = PBXFileReference; lastKnownFileType = image.png; path = hallmark_card_icon.png; sourceTree = "<group>"; };
		4107FB19199887F700FBC6BE /* martini_white_icon.png */ = {isa = PBXFileReference; lastKnownFileType = image.png; path = martini_white_icon.png; sourceTree = "<group>"; };
		4107FB1A199887F700FBC6BE /* plate_cutlery_icon.png */ = {isa = PBXFileReference; lastKnownFileType = image.png; path = plate_cutlery_icon.png; sourceTree = "<group>"; };
		411B15AF19AED7CA00202F37 /* SettingsViewController.h */ = {isa = PBXFileReference; fileEncoding = 4; lastKnownFileType = sourcecode.c.h; path = SettingsViewController.h; sourceTree = "<group>"; };
		411B15B019AED7CA00202F37 /* SettingsViewController.m */ = {isa = PBXFileReference; fileEncoding = 4; lastKnownFileType = sourcecode.c.objc; path = SettingsViewController.m; sourceTree = "<group>"; };
		4120C4D7199B2D1A004704F5 /* card_red.png */ = {isa = PBXFileReference; lastKnownFileType = image.png; path = card_red.png; sourceTree = "<group>"; };
		4120C4D9199B2D1A004704F5 /* chocolate_red.png */ = {isa = PBXFileReference; lastKnownFileType = image.png; path = chocolate_red.png; sourceTree = "<group>"; };
		4120C4DA199B2D1A004704F5 /* life is like.png */ = {isa = PBXFileReference; lastKnownFileType = image.png; path = "life is like.png"; sourceTree = "<group>"; };
		4120C4E3199C5D0A004704F5 /* card_faded.png */ = {isa = PBXFileReference; lastKnownFileType = image.png; path = card_faded.png; sourceTree = "<group>"; };
		4120C4E5199C5D0A004704F5 /* card_red.png */ = {isa = PBXFileReference; lastKnownFileType = image.png; path = card_red.png; sourceTree = "<group>"; };
		4120C4E6199C5D0A004704F5 /* checkmark.png */ = {isa = PBXFileReference; lastKnownFileType = image.png; path = checkmark.png; sourceTree = "<group>"; };
		4120C4E7199C5D0A004704F5 /* chocolate_faded.png */ = {isa = PBXFileReference; lastKnownFileType = image.png; path = chocolate_faded.png; sourceTree = "<group>"; };
		4120C4E9199C5D0A004704F5 /* chocolate_red.png */ = {isa = PBXFileReference; lastKnownFileType = image.png; path = chocolate_red.png; sourceTree = "<group>"; };
		4120C4EA199C5D0A004704F5 /* life is like.png */ = {isa = PBXFileReference; lastKnownFileType = image.png; path = "life is like.png"; sourceTree = "<group>"; };
		4120C4EB199C5D0A004704F5 /* what its telling you.png */ = {isa = PBXFileReference; lastKnownFileType = image.png; path = "what its telling you.png"; sourceTree = "<group>"; };
		4120C4EC199C5D0A004704F5 /* what youre going to get.png */ = {isa = PBXFileReference; lastKnownFileType = image.png; path = "what youre going to get.png"; sourceTree = "<group>"; };
		4120C4ED199C5D0A004704F5 /* where its heading.png */ = {isa = PBXFileReference; lastKnownFileType = image.png; path = "where its heading.png"; sourceTree = "<group>"; };
		4120C4EE199C5D0A004704F5 /* x-mark.png */ = {isa = PBXFileReference; lastKnownFileType = image.png; path = "x-mark.png"; sourceTree = "<group>"; };
		4120C4FB199C5D75004704F5 /* card_green.png */ = {isa = PBXFileReference; lastKnownFileType = image.png; path = card_green.png; sourceTree = "<group>"; };
		4120C4FC199C5D75004704F5 /* chocolate_green.png */ = {isa = PBXFileReference; lastKnownFileType = image.png; path = chocolate_green.png; sourceTree = "<group>"; };
		4120C501199E704C004704F5 /* card.png */ = {isa = PBXFileReference; lastKnownFileType = image.png; path = card.png; sourceTree = "<group>"; };
		4120C502199E704C004704F5 /* chocolate_icon.png */ = {isa = PBXFileReference; lastKnownFileType = image.png; path = chocolate_icon.png; sourceTree = "<group>"; };
		4120C503199E704C004704F5 /* green_overlay.png */ = {isa = PBXFileReference; lastKnownFileType = image.png; path = green_overlay.png; sourceTree = "<group>"; };
		4120C504199E704C004704F5 /* martini_icon.png */ = {isa = PBXFileReference; lastKnownFileType = image.png; path = martini_icon.png; sourceTree = "<group>"; };
		4120C505199E704C004704F5 /* rose_icon.png */ = {isa = PBXFileReference; lastKnownFileType = image.png; path = rose_icon.png; sourceTree = "<group>"; };
		4120C506199E704C004704F5 /* Thumbs.db */ = {isa = PBXFileReference; lastKnownFileType = file; path = Thumbs.db; sourceTree = "<group>"; };
		4120C508199E704C004704F5 /* gift_outline.png */ = {isa = PBXFileReference; lastKnownFileType = image.png; path = gift_outline.png; sourceTree = "<group>"; };
		4120C509199E704C004704F5 /* gift_solid.png */ = {isa = PBXFileReference; lastKnownFileType = image.png; path = gift_solid.png; sourceTree = "<group>"; };
		4120C50A199E704C004704F5 /* navbar.png */ = {isa = PBXFileReference; lastKnownFileType = image.png; path = navbar.png; sourceTree = "<group>"; };
		4120C50B199E704C004704F5 /* person_outline.png */ = {isa = PBXFileReference; lastKnownFileType = image.png; path = person_outline.png; sourceTree = "<group>"; };
		4120C50C199E704C004704F5 /* person_solid.png */ = {isa = PBXFileReference; lastKnownFileType = image.png; path = person_solid.png; sourceTree = "<group>"; };
		4120C50D199E704C004704F5 /* search_outline.png */ = {isa = PBXFileReference; lastKnownFileType = image.png; path = search_outline.png; sourceTree = "<group>"; };
		4120C50E199E704C004704F5 /* search_solid.png */ = {isa = PBXFileReference; lastKnownFileType = image.png; path = search_solid.png; sourceTree = "<group>"; };
		4120C50F199E704C004704F5 /* Thumbs.db */ = {isa = PBXFileReference; lastKnownFileType = file; path = Thumbs.db; sourceTree = "<group>"; };
		4120C511199E704C004704F5 /* rose_background.png */ = {isa = PBXFileReference; lastKnownFileType = image.png; path = rose_background.png; sourceTree = "<group>"; };
		4120C512199E704C004704F5 /* drawer.png */ = {isa = PBXFileReference; lastKnownFileType = image.png; path = drawer.png; sourceTree = "<group>"; };
		4120C513199E704C004704F5 /* send_button.png */ = {isa = PBXFileReference; lastKnownFileType = image.png; path = send_button.png; sourceTree = "<group>"; };
		4120C514199E704C004704F5 /* Thumbs.db */ = {isa = PBXFileReference; lastKnownFileType = file; path = Thumbs.db; sourceTree = "<group>"; };
		4120C527199EB0BB004704F5 /* RoseGiftScreen.h */ = {isa = PBXFileReference; fileEncoding = 4; lastKnownFileType = sourcecode.c.h; path = RoseGiftScreen.h; sourceTree = "<group>"; };
		4120C528199EB0BB004704F5 /* RoseGiftScreen.m */ = {isa = PBXFileReference; fileEncoding = 4; lastKnownFileType = sourcecode.c.objc; path = RoseGiftScreen.m; sourceTree = "<group>"; };
		4120C52C19A273E2004704F5 /* ChocolateGiftScreen.h */ = {isa = PBXFileReference; fileEncoding = 4; lastKnownFileType = sourcecode.c.h; path = ChocolateGiftScreen.h; sourceTree = "<group>"; };
		4120C52D19A273E2004704F5 /* ChocolateGiftScreen.m */ = {isa = PBXFileReference; fileEncoding = 4; lastKnownFileType = sourcecode.c.objc; path = ChocolateGiftScreen.m; sourceTree = "<group>"; };
		4120C52F19A27D41004704F5 /* DrinkGiftScreen.h */ = {isa = PBXFileReference; fileEncoding = 4; lastKnownFileType = sourcecode.c.h; path = DrinkGiftScreen.h; sourceTree = "<group>"; };
		4120C53019A27D41004704F5 /* DrinkGiftScreen.m */ = {isa = PBXFileReference; fileEncoding = 4; lastKnownFileType = sourcecode.c.objc; path = DrinkGiftScreen.m; sourceTree = "<group>"; };
		4120C53E19A3AB3D004704F5 /* bar bg image.png */ = {isa = PBXFileReference; lastKnownFileType = image.png; path = "bar bg image.png"; sourceTree = "<group>"; };
		4120C54019A3AF6D004704F5 /* 18ct.png */ = {isa = PBXFileReference; lastKnownFileType = image.png; path = 18ct.png; sourceTree = "<group>"; };
		4120C54119A3AF6D004704F5 /* 24ct.png */ = {isa = PBXFileReference; lastKnownFileType = image.png; path = 24ct.png; sourceTree = "<group>"; };
		4120C54619A3CADC004704F5 /* 1dozen.png */ = {isa = PBXFileReference; lastKnownFileType = image.png; path = 1dozen.png; sourceTree = "<group>"; };
		4120C54719A3CADC004704F5 /* 2dozen.png */ = {isa = PBXFileReference; lastKnownFileType = image.png; path = 2dozen.png; sourceTree = "<group>"; };
		4120C54819A3CADC004704F5 /* 3dozen.png */ = {isa = PBXFileReference; lastKnownFileType = image.png; path = 3dozen.png; sourceTree = "<group>"; };
		4120C54D19A3D518004704F5 /* chocolate_circle.png */ = {isa = PBXFileReference; lastKnownFileType = image.png; path = chocolate_circle.png; sourceTree = "<group>"; };
		4120C54E19A3D518004704F5 /* drink_circle.png */ = {isa = PBXFileReference; lastKnownFileType = image.png; path = drink_circle.png; sourceTree = "<group>"; };
		4120C54F19A3D518004704F5 /* rose_circle.png */ = {isa = PBXFileReference; lastKnownFileType = image.png; path = rose_circle.png; sourceTree = "<group>"; };
		4120C55319A452C4004704F5 /* 48ct.png */ = {isa = PBXFileReference; lastKnownFileType = image.png; path = 48ct.png; sourceTree = "<group>"; };
		4120C55819A51706004704F5 /* MasterRootViewController.h */ = {isa = PBXFileReference; fileEncoding = 4; lastKnownFileType = sourcecode.c.h; path = MasterRootViewController.h; sourceTree = "<group>"; };
		4120C55919A51706004704F5 /* MasterRootViewController.m */ = {isa = PBXFileReference; fileEncoding = 4; lastKnownFileType = sourcecode.c.objc; path = MasterRootViewController.m; sourceTree = "<group>"; };
		4120C55B19A6E9D1004704F5 /* settings_solid.png */ = {isa = PBXFileReference; lastKnownFileType = image.png; path = settings_solid.png; sourceTree = "<group>"; };
		4120C55D19A6EA35004704F5 /* logo.png */ = {isa = PBXFileReference; lastKnownFileType = image.png; path = logo.png; sourceTree = "<group>"; };
		4120C56019A6F3EB004704F5 /* apoorva.jpg */ = {isa = PBXFileReference; lastKnownFileType = image.jpeg; path = apoorva.jpg; sourceTree = "<group>"; };
		4120C56119A6F3EB004704F5 /* krishan.jpg */ = {isa = PBXFileReference; lastKnownFileType = image.jpeg; path = krishan.jpg; sourceTree = "<group>"; };
		4120C56219A6F3EB004704F5 /* max.jpg */ = {isa = PBXFileReference; lastKnownFileType = image.jpeg; path = max.jpg; sourceTree = "<group>"; };
		4120C56319A6F3EB004704F5 /* nilesh.jpg */ = {isa = PBXFileReference; lastKnownFileType = image.jpeg; path = nilesh.jpg; sourceTree = "<group>"; };
		4120C56419A6F3EB004704F5 /* shiv.jpg */ = {isa = PBXFileReference; lastKnownFileType = image.jpeg; path = shiv.jpg; sourceTree = "<group>"; };
		4120C56A19A7A543004704F5 /* ankur.jpg */ = {isa = PBXFileReference; lastKnownFileType = image.jpeg; path = ankur.jpg; sourceTree = "<group>"; };
		4120C56B19A7A543004704F5 /* deepika.jpg */ = {isa = PBXFileReference; lastKnownFileType = image.jpeg; path = deepika.jpg; sourceTree = "<group>"; };
		4120C56C19A7A543004704F5 /* dilip.jpg */ = {isa = PBXFileReference; lastKnownFileType = image.jpeg; path = dilip.jpg; sourceTree = "<group>"; };
		4120C56D19A7A543004704F5 /* kishan.jpg */ = {isa = PBXFileReference; lastKnownFileType = image.jpeg; path = kishan.jpg; sourceTree = "<group>"; };
		4120C56E19A7A543004704F5 /* ricky.jpg */ = {isa = PBXFileReference; lastKnownFileType = image.jpeg; path = ricky.jpg; sourceTree = "<group>"; };
		4120C56F19A7A543004704F5 /* ronak.jpg */ = {isa = PBXFileReference; lastKnownFileType = image.jpeg; path = ronak.jpg; sourceTree = "<group>"; };
		4120C57619A80CB8004704F5 /* logo_simplified.png */ = {isa = PBXFileReference; lastKnownFileType = image.png; path = logo_simplified.png; sourceTree = "<group>"; };
		41310B081983136900ABCC0D /* KLCPopup.h */ = {isa = PBXFileReference; fileEncoding = 4; lastKnownFileType = sourcecode.c.h; path = KLCPopup.h; sourceTree = "<group>"; };
		41310B091983136900ABCC0D /* KLCPopup.m */ = {isa = PBXFileReference; fileEncoding = 4; lastKnownFileType = sourcecode.c.objc; path = KLCPopup.m; sourceTree = "<group>"; };
		41310B0B1985F7EA00ABCC0D /* MediaPlayer.framework */ = {isa = PBXFileReference; lastKnownFileType = wrapper.framework; name = MediaPlayer.framework; path = System/Library/Frameworks/MediaPlayer.framework; sourceTree = SDKROOT; };
		41310B0D1985F8A900ABCC0D /* myvid.m4v */ = {isa = PBXFileReference; lastKnownFileType = file; name = myvid.m4v; path = ../../../../../Downloads/myvid.m4v; sourceTree = "<group>"; };
		414D4EA21981613900FBE74C /* ReceivingViewController.h */ = {isa = PBXFileReference; fileEncoding = 4; lastKnownFileType = sourcecode.c.h; path = ReceivingViewController.h; sourceTree = "<group>"; };
		414D4EA31981613900FBE74C /* ReceivingViewController.m */ = {isa = PBXFileReference; fileEncoding = 4; lastKnownFileType = sourcecode.c.objc; path = ReceivingViewController.m; sourceTree = "<group>"; };
		417463ED19B03E4100BAE23F /* MessageUI.framework */ = {isa = PBXFileReference; lastKnownFileType = wrapper.framework; name = MessageUI.framework; path = System/Library/Frameworks/MessageUI.framework; sourceTree = SDKROOT; };
		417463EF19B1052400BAE23F /* PrivacyPolicy.txt */ = {isa = PBXFileReference; fileEncoding = 4; lastKnownFileType = text; path = PrivacyPolicy.txt; sourceTree = "<group>"; };
		417463F119B1083200BAE23F /* TermsAndConditions.txt */ = {isa = PBXFileReference; fileEncoding = 4; lastKnownFileType = text; path = TermsAndConditions.txt; sourceTree = "<group>"; };
		417463F419B11B7E00BAE23F /* cardtypes.png */ = {isa = PBXFileReference; lastKnownFileType = image.png; path = cardtypes.png; sourceTree = "<group>"; };
		417463F619B2DBE600BAE23F /* backarrow.png */ = {isa = PBXFileReference; lastKnownFileType = image.png; path = backarrow.png; sourceTree = "<group>"; };
		417463F819B2DDE400BAE23F /* backarrow2.png */ = {isa = PBXFileReference; lastKnownFileType = image.png; path = backarrow2.png; sourceTree = "<group>"; };
		417463FA19B391CB00BAE23F /* chocolate_receiving.png */ = {isa = PBXFileReference; lastKnownFileType = image.png; path = chocolate_receiving.png; sourceTree = "<group>"; };
		417463FB19B391CB00BAE23F /* martini_receiving.png */ = {isa = PBXFileReference; lastKnownFileType = image.png; path = martini_receiving.png; sourceTree = "<group>"; };
		417463FC19B391CB00BAE23F /* rose_receiving.png */ = {isa = PBXFileReference; lastKnownFileType = image.png; path = rose_receiving.png; sourceTree = "<group>"; };
		4174640019B5660900BAE23F /* GiftHandlingView.h */ = {isa = PBXFileReference; fileEncoding = 4; lastKnownFileType = sourcecode.c.h; path = GiftHandlingView.h; sourceTree = "<group>"; };
		4174640119B5660900BAE23F /* GiftHandlingView.m */ = {isa = PBXFileReference; fileEncoding = 4; lastKnownFileType = sourcecode.c.objc; path = GiftHandlingView.m; sourceTree = "<group>"; };
		41A4D9EC1990838F0079C7BC /* qr1.png */ = {isa = PBXFileReference; lastKnownFileType = image.png; path = qr1.png; sourceTree = "<group>"; };
		41A4D9ED1990838F0079C7BC /* qr2.png */ = {isa = PBXFileReference; lastKnownFileType = image.png; path = qr2.png; sourceTree = "<group>"; };
		41A4D9EE1990838F0079C7BC /* qr3.png */ = {isa = PBXFileReference; lastKnownFileType = image.png; path = qr3.png; sourceTree = "<group>"; };
		41A4D9EF1990838F0079C7BC /* qr4.jpg */ = {isa = PBXFileReference; lastKnownFileType = image.jpeg; path = qr4.jpg; sourceTree = "<group>"; };
		41A4D9F41993325E0079C7BC /* s.png */ = {isa = PBXFileReference; lastKnownFileType = image.png; path = s.png; sourceTree = "<group>"; };
		41A4D9F6199339130079C7BC /* gift.png */ = {isa = PBXFileReference; lastKnownFileType = image.png; path = gift.png; sourceTree = "<group>"; };
		41A4D9FA199347890079C7BC /* paris1.jpeg */ = {isa = PBXFileReference; lastKnownFileType = image.jpeg; path = paris1.jpeg; sourceTree = "<group>"; };
		41A4D9FB199347890079C7BC /* paris2.jpg */ = {isa = PBXFileReference; lastKnownFileType = image.jpeg; path = paris2.jpg; sourceTree = "<group>"; };
		41A4D9FC199347890079C7BC /* paris3.jpg */ = {isa = PBXFileReference; lastKnownFileType = image.jpeg; path = paris3.jpg; sourceTree = "<group>"; };
		41A4D9FD199347890079C7BC /* paris4.jpg */ = {isa = PBXFileReference; lastKnownFileType = image.jpeg; path = paris4.jpg; sourceTree = "<group>"; };
		41A9AB41198AC52700768C2C /* logo1.png */ = {isa = PBXFileReference; lastKnownFileType = image.png; path = logo1.png; sourceTree = "<group>"; };
		41A9AB42198AC52700768C2C /* logo2.png */ = {isa = PBXFileReference; lastKnownFileType = image.png; path = logo2.png; sourceTree = "<group>"; };
		41A9AB43198AC52700768C2C /* logo3.png */ = {isa = PBXFileReference; lastKnownFileType = image.png; path = logo3.png; sourceTree = "<group>"; };
		41A9AB44198AC52700768C2C /* logo4.png */ = {isa = PBXFileReference; lastKnownFileType = image.png; path = logo4.png; sourceTree = "<group>"; };
		41A9AB45198AC52700768C2C /* logo5.png */ = {isa = PBXFileReference; lastKnownFileType = image.png; path = logo5.png; sourceTree = "<group>"; };
		41A9AB46198AC52700768C2C /* logo6.png */ = {isa = PBXFileReference; lastKnownFileType = image.png; path = logo6.png; sourceTree = "<group>"; };
		41A9AB47198AC52700768C2C /* logo7.png */ = {isa = PBXFileReference; lastKnownFileType = image.png; path = logo7.png; sourceTree = "<group>"; };
		41A9AB48198AC52700768C2C /* plus.png */ = {isa = PBXFileReference; lastKnownFileType = image.png; path = plus.png; sourceTree = "<group>"; };
		41A9AB51198ACBAA00768C2C /* sampleAbhiSunny.jpg */ = {isa = PBXFileReference; lastKnownFileType = image.jpeg; name = sampleAbhiSunny.jpg; path = ../../../../../../Downloads/sampleAbhiSunny.jpg; sourceTree = "<group>"; };
		41A9AB53198AD17B00768C2C /* cancel.png */ = {isa = PBXFileReference; lastKnownFileType = image.png; path = cancel.png; sourceTree = "<group>"; };
		41A9AB54198AD17B00768C2C /* ok.png */ = {isa = PBXFileReference; lastKnownFileType = image.png; path = ok.png; sourceTree = "<group>"; };
		41A9AB57198AD93000768C2C /* sampleEdward.jpg */ = {isa = PBXFileReference; lastKnownFileType = image.jpeg; name = sampleEdward.jpg; path = ../../../../../../Downloads/sampleEdward.jpg; sourceTree = "<group>"; };
		41A9AB59198AD95900768C2C /* sampleVarshil.jpg */ = {isa = PBXFileReference; lastKnownFileType = image.jpeg; name = sampleVarshil.jpg; path = ../../../../../../Downloads/sampleVarshil.jpg; sourceTree = "<group>"; };
		41A9AB5B198AE5FB00768C2C /* sampleSunny.jpg */ = {isa = PBXFileReference; lastKnownFileType = image.jpeg; name = sampleSunny.jpg; path = ../../../../../../Downloads/sampleSunny.jpg; sourceTree = "<group>"; };
		41A9AB5D198B313A00768C2C /* sampleNisha.jpg */ = {isa = PBXFileReference; lastKnownFileType = image.jpeg; name = sampleNisha.jpg; path = ../../../../../../Downloads/sampleNisha.jpg; sourceTree = "<group>"; };
		41B4E89219907BE40016F5F9 /* reclogo1.png */ = {isa = PBXFileReference; lastKnownFileType = image.png; path = reclogo1.png; sourceTree = "<group>"; };
		41B4E89319907BE40016F5F9 /* reclogo2.png */ = {isa = PBXFileReference; lastKnownFileType = image.png; path = reclogo2.png; sourceTree = "<group>"; };
		41B4E89419907BE40016F5F9 /* reclogo3.png */ = {isa = PBXFileReference; lastKnownFileType = image.png; path = reclogo3.png; sourceTree = "<group>"; };
		41B4E89519907BE40016F5F9 /* reclogo4.png */ = {isa = PBXFileReference; lastKnownFileType = image.png; path = reclogo4.png; sourceTree = "<group>"; };
		41BDB2FB197A07C10043AA8A /* BarTab.app */ = {isa = PBXFileReference; explicitFileType = wrapper.application; includeInIndex = 0; path = BarTab.app; sourceTree = BUILT_PRODUCTS_DIR; };
		41BDB2FE197A07C10043AA8A /* Foundation.framework */ = {isa = PBXFileReference; lastKnownFileType = wrapper.framework; name = Foundation.framework; path = System/Library/Frameworks/Foundation.framework; sourceTree = SDKROOT; };
		41BDB300197A07C10043AA8A /* CoreGraphics.framework */ = {isa = PBXFileReference; lastKnownFileType = wrapper.framework; name = CoreGraphics.framework; path = System/Library/Frameworks/CoreGraphics.framework; sourceTree = SDKROOT; };
		41BDB302197A07C10043AA8A /* UIKit.framework */ = {isa = PBXFileReference; lastKnownFileType = wrapper.framework; name = UIKit.framework; path = System/Library/Frameworks/UIKit.framework; sourceTree = SDKROOT; };
		41BDB306197A07C10043AA8A /* BarTab-Info.plist */ = {isa = PBXFileReference; lastKnownFileType = text.plist.xml; path = "BarTab-Info.plist"; sourceTree = "<group>"; };
		41BDB308197A07C10043AA8A /* en */ = {isa = PBXFileReference; lastKnownFileType = text.plist.strings; name = en; path = en.lproj/InfoPlist.strings; sourceTree = "<group>"; };
		41BDB30A197A07C10043AA8A /* main.m */ = {isa = PBXFileReference; lastKnownFileType = sourcecode.c.objc; path = main.m; sourceTree = "<group>"; };
		41BDB30C197A07C10043AA8A /* BarTab-Prefix.pch */ = {isa = PBXFileReference; lastKnownFileType = sourcecode.c.h; path = "BarTab-Prefix.pch"; sourceTree = "<group>"; };
		41BDB30D197A07C10043AA8A /* BarTabAppDelegate.h */ = {isa = PBXFileReference; lastKnownFileType = sourcecode.c.h; path = BarTabAppDelegate.h; sourceTree = "<group>"; };
		41BDB30E197A07C10043AA8A /* BarTabAppDelegate.m */ = {isa = PBXFileReference; lastKnownFileType = sourcecode.c.objc; path = BarTabAppDelegate.m; sourceTree = "<group>"; };
		41BDB311197A07C10043AA8A /* Base */ = {isa = PBXFileReference; lastKnownFileType = file.storyboard; name = Base; path = Base.lproj/Main.storyboard; sourceTree = "<group>"; };
		41BDB313197A07C10043AA8A /* BarTabViewController.h */ = {isa = PBXFileReference; lastKnownFileType = sourcecode.c.h; path = BarTabViewController.h; sourceTree = "<group>"; };
		41BDB314197A07C10043AA8A /* BarTabViewController.m */ = {isa = PBXFileReference; lastKnownFileType = sourcecode.c.objc; path = BarTabViewController.m; sourceTree = "<group>"; };
		41BDB316197A07C10043AA8A /* Images.xcassets */ = {isa = PBXFileReference; lastKnownFileType = folder.assetcatalog; path = Images.xcassets; sourceTree = "<group>"; };
		41BDB31C197A07C10043AA8A /* BarTabTests.xctest */ = {isa = PBXFileReference; explicitFileType = wrapper.cfbundle; includeInIndex = 0; path = BarTabTests.xctest; sourceTree = BUILT_PRODUCTS_DIR; };
		41BDB31D197A07C10043AA8A /* XCTest.framework */ = {isa = PBXFileReference; lastKnownFileType = wrapper.framework; name = XCTest.framework; path = Library/Frameworks/XCTest.framework; sourceTree = DEVELOPER_DIR; };
		41BDB325197A07C10043AA8A /* BarTabTests-Info.plist */ = {isa = PBXFileReference; lastKnownFileType = text.plist.xml; path = "BarTabTests-Info.plist"; sourceTree = "<group>"; };
		41BDB327197A07C10043AA8A /* en */ = {isa = PBXFileReference; lastKnownFileType = text.plist.strings; name = en; path = en.lproj/InfoPlist.strings; sourceTree = "<group>"; };
		41BDB329197A07C10043AA8A /* BarTabTests.m */ = {isa = PBXFileReference; lastKnownFileType = sourcecode.c.objc; path = BarTabTests.m; sourceTree = "<group>"; };
		41BDB333197A0BC10043AA8A /* FacebookSDK.framework */ = {isa = PBXFileReference; lastKnownFileType = wrapper.framework; name = FacebookSDK.framework; path = ../../../FacebookSDK/FacebookSDK.framework; sourceTree = "<group>"; };
		41BDB335197A10530043AA8A /* GivingViewController.h */ = {isa = PBXFileReference; fileEncoding = 4; lastKnownFileType = sourcecode.c.h; path = GivingViewController.h; sourceTree = "<group>"; };
		41BDB336197A10530043AA8A /* GivingViewController.m */ = {isa = PBXFileReference; fileEncoding = 4; lastKnownFileType = sourcecode.c.objc; path = GivingViewController.m; sourceTree = "<group>"; };
		41BDB3441980B32A0043AA8A /* PageContentViewController.h */ = {isa = PBXFileReference; fileEncoding = 4; lastKnownFileType = sourcecode.c.h; path = PageContentViewController.h; sourceTree = "<group>"; };
		41BDB3451980B32A0043AA8A /* PageContentViewController.m */ = {isa = PBXFileReference; fileEncoding = 4; lastKnownFileType = sourcecode.c.objc; path = PageContentViewController.m; sourceTree = "<group>"; };
		41BDB34F1980B5F10043AA8A /* RootTutorialViewController.h */ = {isa = PBXFileReference; fileEncoding = 4; lastKnownFileType = sourcecode.c.h; path = RootTutorialViewController.h; sourceTree = "<group>"; };
		41BDB3501980B5F10043AA8A /* RootTutorialViewController.m */ = {isa = PBXFileReference; fileEncoding = 4; lastKnownFileType = sourcecode.c.objc; path = RootTutorialViewController.m; sourceTree = "<group>"; };
		41D3F62319C1086E009839D3 /* ServerCalls.h */ = {isa = PBXFileReference; fileEncoding = 4; lastKnownFileType = sourcecode.c.h; path = ServerCalls.h; sourceTree = "<group>"; };
		41D3F62419C1086E009839D3 /* ServerCalls.m */ = {isa = PBXFileReference; fileEncoding = 4; lastKnownFileType = sourcecode.c.objc; path = ServerCalls.m; sourceTree = "<group>"; };
		41F1E7B819DE654A00CBE3B5 /* ContactsData.h */ = {isa = PBXFileReference; fileEncoding = 4; lastKnownFileType = sourcecode.c.h; path = ContactsData.h; sourceTree = "<group>"; };
		41F1E7B919DE654A00CBE3B5 /* ContactsData.m */ = {isa = PBXFileReference; fileEncoding = 4; lastKnownFileType = sourcecode.c.objc; path = ContactsData.m; sourceTree = "<group>"; };
		8517FA205CD94502B6FFBD5C /* Pods-BarTab.xcconfig */ = {isa = PBXFileReference; includeInIndex = 1; lastKnownFileType = text.xcconfig; name = "Pods-BarTab.xcconfig"; path = "Pods/Pods-BarTab.xcconfig"; sourceTree = "<group>"; };
		B4A21F952E16429881E041A7 /* libPods-BarTab.a */ = {isa = PBXFileReference; explicitFileType = archive.ar; includeInIndex = 0; path = "libPods-BarTab.a"; sourceTree = BUILT_PRODUCTS_DIR; };
/* End PBXFileReference section */

/* Begin PBXFrameworksBuildPhase section */
		41BDB2F8197A07C10043AA8A /* Frameworks */ = {
			isa = PBXFrameworksBuildPhase;
			buildActionMask = 2147483647;
			files = (
				417463EE19B03E4100BAE23F /* MessageUI.framework in Frameworks */,
				41310B0C1985F7EA00ABCC0D /* MediaPlayer.framework in Frameworks */,
				41BDB301197A07C10043AA8A /* CoreGraphics.framework in Frameworks */,
				41BDB334197A0BC10043AA8A /* FacebookSDK.framework in Frameworks */,
				41BDB303197A07C10043AA8A /* UIKit.framework in Frameworks */,
				41BDB2FF197A07C10043AA8A /* Foundation.framework in Frameworks */,
				2C93AD870655485BB1F4A131 /* libPods-BarTab.a in Frameworks */,
			);
			runOnlyForDeploymentPostprocessing = 0;
		};
		41BDB319197A07C10043AA8A /* Frameworks */ = {
			isa = PBXFrameworksBuildPhase;
			buildActionMask = 2147483647;
			files = (
				41BDB31E197A07C10043AA8A /* XCTest.framework in Frameworks */,
				41BDB320197A07C10043AA8A /* UIKit.framework in Frameworks */,
				41BDB31F197A07C10043AA8A /* Foundation.framework in Frameworks */,
			);
			runOnlyForDeploymentPostprocessing = 0;
		};
/* End PBXFrameworksBuildPhase section */

/* Begin PBXGroup section */
		4107FACF19987DBD00FBC6BE /* martini */ = {
			isa = PBXGroup;
			children = (
				4107FB16199883CE00FBC6BE /* martini_icon34.png */,
				4107FAD019987DBD00FBC6BE /* martini_icon0.png */,
				4107FAD119987DBD00FBC6BE /* martini_icon1.png */,
				4107FAD219987DBD00FBC6BE /* martini_icon10.png */,
				4107FAD319987DBD00FBC6BE /* martini_icon11.png */,
				4107FAD419987DBD00FBC6BE /* martini_icon12.png */,
				4107FAD519987DBD00FBC6BE /* martini_icon13.png */,
				4107FAD619987DBD00FBC6BE /* martini_icon14.png */,
				4107FAD719987DBD00FBC6BE /* martini_icon15.png */,
				4107FAD819987DBD00FBC6BE /* martini_icon16.png */,
				4107FAD919987DBD00FBC6BE /* martini_icon17.png */,
				4107FADA19987DBD00FBC6BE /* martini_icon18.png */,
				4107FADB19987DBD00FBC6BE /* martini_icon19.png */,
				4107FADC19987DBD00FBC6BE /* martini_icon2.png */,
				4107FADD19987DBD00FBC6BE /* martini_icon20.png */,
				4107FADE19987DBD00FBC6BE /* martini_icon21.png */,
				4107FADF19987DBD00FBC6BE /* martini_icon22.png */,
				4107FAE019987DBD00FBC6BE /* martini_icon23.png */,
				4107FAE119987DBD00FBC6BE /* martini_icon24.png */,
				4107FAE219987DBD00FBC6BE /* martini_icon25.png */,
				4107FAE319987DBD00FBC6BE /* martini_icon26.png */,
				4107FAE419987DBD00FBC6BE /* martini_icon27.png */,
				4107FAE519987DBD00FBC6BE /* martini_icon28.png */,
				4107FAE619987DBD00FBC6BE /* martini_icon29.png */,
				4107FAE719987DBD00FBC6BE /* martini_icon3.png */,
				4107FAE819987DBD00FBC6BE /* martini_icon30.png */,
				4107FAE919987DBD00FBC6BE /* martini_icon31.png */,
				4107FAEA19987DBD00FBC6BE /* martini_icon32.png */,
				4107FAEB19987DBD00FBC6BE /* martini_icon33.png */,
				4107FAEC19987DBD00FBC6BE /* martini_icon4.png */,
				4107FAED19987DBD00FBC6BE /* martini_icon5.png */,
				4107FAEE19987DBD00FBC6BE /* martini_icon6.png */,
				4107FAEF19987DBD00FBC6BE /* martini_icon7.png */,
				4107FAF019987DBD00FBC6BE /* martini_icon8.png */,
				4107FAF119987DBD00FBC6BE /* martini_icon9.png */,
				4107FAF219987DBD00FBC6BE /* Thumbs.db */,
			);
			name = martini;
			path = ../../../../martini;
			sourceTree = "<group>";
		};
		4120C4D5199B2D1A004704F5 /* ChocoCard Icons */ = {
			isa = PBXGroup;
			children = (
				4120C4FB199C5D75004704F5 /* card_green.png */,
				4120C4FC199C5D75004704F5 /* chocolate_green.png */,
				4120C4E3199C5D0A004704F5 /* card_faded.png */,
				4120C4E5199C5D0A004704F5 /* card_red.png */,
				4120C4E6199C5D0A004704F5 /* checkmark.png */,
				4120C4E7199C5D0A004704F5 /* chocolate_faded.png */,
				4120C4E9199C5D0A004704F5 /* chocolate_red.png */,
				4120C4EA199C5D0A004704F5 /* life is like.png */,
				4120C4EB199C5D0A004704F5 /* what its telling you.png */,
				4120C4EC199C5D0A004704F5 /* what youre going to get.png */,
				4120C4ED199C5D0A004704F5 /* where its heading.png */,
				4120C4EE199C5D0A004704F5 /* x-mark.png */,
				4120C4D7199B2D1A004704F5 /* card_red.png */,
				4120C4D9199B2D1A004704F5 /* chocolate_red.png */,
				4120C4DA199B2D1A004704F5 /* life is like.png */,
			);
			name = "ChocoCard Icons";
			path = "../../../../ChocoCard Icons";
			sourceTree = "<group>";
		};
		4120C4FF199E704B004704F5 /* ImageAssets */ = {
			isa = PBXGroup;
			children = (
				417463F319B11B7E00BAE23F /* settings_page */,
				4120C55F19A6F3EB004704F5 /* Prof Pics */,
				41A9AB5D198B313A00768C2C /* sampleNisha.jpg */,
				41A9AB5B198AE5FB00768C2C /* sampleSunny.jpg */,
				41A9AB59198AD95900768C2C /* sampleVarshil.jpg */,
				41A9AB57198AD93000768C2C /* sampleEdward.jpg */,
				41A9AB51198ACBAA00768C2C /* sampleAbhiSunny.jpg */,
				4120C54C19A3D518004704F5 /* receiving_page */,
				4120C54019A3AF6D004704F5 /* 18ct.png */,
				4120C54119A3AF6D004704F5 /* 24ct.png */,
				4120C55319A452C4004704F5 /* 48ct.png */,
				4120C53D19A3AB3D004704F5 /* drinks_page */,
				4120C500199E704C004704F5 /* friends_page */,
				4120C507199E704C004704F5 /* nav */,
				4120C510199E704C004704F5 /* roses_page */,
			);
			path = ImageAssets;
			sourceTree = "<group>";
		};
		4120C500199E704C004704F5 /* friends_page */ = {
			isa = PBXGroup;
			children = (
				417463FA19B391CB00BAE23F /* chocolate_receiving.png */,
				417463FB19B391CB00BAE23F /* martini_receiving.png */,
				417463FC19B391CB00BAE23F /* rose_receiving.png */,
				4120C501199E704C004704F5 /* card.png */,
				4120C502199E704C004704F5 /* chocolate_icon.png */,
				4120C503199E704C004704F5 /* green_overlay.png */,
				4120C504199E704C004704F5 /* martini_icon.png */,
				4120C505199E704C004704F5 /* rose_icon.png */,
				4120C506199E704C004704F5 /* Thumbs.db */,
			);
			path = friends_page;
			sourceTree = "<group>";
		};
		4120C507199E704C004704F5 /* nav */ = {
			isa = PBXGroup;
			children = (
				4120C57619A80CB8004704F5 /* logo_simplified.png */,
				4120C55D19A6EA35004704F5 /* logo.png */,
				4120C55B19A6E9D1004704F5 /* settings_solid.png */,
				4120C508199E704C004704F5 /* gift_outline.png */,
				4120C509199E704C004704F5 /* gift_solid.png */,
				4120C50A199E704C004704F5 /* navbar.png */,
				4120C50B199E704C004704F5 /* person_outline.png */,
				4120C50C199E704C004704F5 /* person_solid.png */,
				4120C50D199E704C004704F5 /* search_outline.png */,
				4120C50E199E704C004704F5 /* search_solid.png */,
				4120C50F199E704C004704F5 /* Thumbs.db */,
			);
			path = nav;
			sourceTree = "<group>";
		};
		4120C510199E704C004704F5 /* roses_page */ = {
			isa = PBXGroup;
			children = (
				4120C54619A3CADC004704F5 /* 1dozen.png */,
				4120C54719A3CADC004704F5 /* 2dozen.png */,
				4120C54819A3CADC004704F5 /* 3dozen.png */,
				4120C511199E704C004704F5 /* rose_background.png */,
				4120C512199E704C004704F5 /* drawer.png */,
				4120C513199E704C004704F5 /* send_button.png */,
				4120C514199E704C004704F5 /* Thumbs.db */,
			);
			path = roses_page;
			sourceTree = "<group>";
		};
		4120C53D19A3AB3D004704F5 /* drinks_page */ = {
			isa = PBXGroup;
			children = (
				4120C53E19A3AB3D004704F5 /* bar bg image.png */,
			);
			path = drinks_page;
			sourceTree = "<group>";
		};
		4120C54C19A3D518004704F5 /* receiving_page */ = {
			isa = PBXGroup;
			children = (
				4120C54D19A3D518004704F5 /* chocolate_circle.png */,
				4120C54E19A3D518004704F5 /* drink_circle.png */,
				4120C54F19A3D518004704F5 /* rose_circle.png */,
			);
			path = receiving_page;
			sourceTree = "<group>";
		};
		4120C55F19A6F3EB004704F5 /* Prof Pics */ = {
			isa = PBXGroup;
			children = (
				4120C56A19A7A543004704F5 /* ankur.jpg */,
				4120C56B19A7A543004704F5 /* deepika.jpg */,
				4120C56C19A7A543004704F5 /* dilip.jpg */,
				4120C56D19A7A543004704F5 /* kishan.jpg */,
				4120C56E19A7A543004704F5 /* ricky.jpg */,
				4120C56F19A7A543004704F5 /* ronak.jpg */,
				4120C56019A6F3EB004704F5 /* apoorva.jpg */,
				4120C56119A6F3EB004704F5 /* krishan.jpg */,
				4120C56219A6F3EB004704F5 /* max.jpg */,
				4120C56319A6F3EB004704F5 /* nilesh.jpg */,
				4120C56419A6F3EB004704F5 /* shiv.jpg */,
			);
			path = "Prof Pics";
			sourceTree = "<group>";
		};
		41310B071983136900ABCC0D /* KLCPopup */ = {
			isa = PBXGroup;
			children = (
				41310B081983136900ABCC0D /* KLCPopup.h */,
				41310B091983136900ABCC0D /* KLCPopup.m */,
			);
			name = KLCPopup;
			path = "../../../../../Downloads/KLCPopup-master/KLCPopup";
			sourceTree = "<group>";
		};
		417463F319B11B7E00BAE23F /* settings_page */ = {
			isa = PBXGroup;
			children = (
				417463F419B11B7E00BAE23F /* cardtypes.png */,
				417463F619B2DBE600BAE23F /* backarrow.png */,
				417463F819B2DDE400BAE23F /* backarrow2.png */,
			);
			path = settings_page;
			sourceTree = "<group>";
		};
		41A9AB40198AC52700768C2C /* VenueLogos */ = {
			isa = PBXGroup;
			children = (
				4107FB18199887F700FBC6BE /* hallmark_card_icon.png */,
				4107FB19199887F700FBC6BE /* martini_white_icon.png */,
				4107FB1A199887F700FBC6BE /* plate_cutlery_icon.png */,
				4107FA8219970B9C00FBC6BE /* gift_icon.png */,
				4107FA8319970B9C00FBC6BE /* navbar.png */,
				4107FA8419970B9C00FBC6BE /* people_icon.png */,
				4107FA8519970B9C00FBC6BE /* search_icon.png */,
				4107FA80199488A600FBC6BE /* regift1.png */,
				4107FA7C199484DD00FBC6BE /* regift.png */,
				41A4D9FA199347890079C7BC /* paris1.jpeg */,
				41A4D9FB199347890079C7BC /* paris2.jpg */,
				41A4D9FC199347890079C7BC /* paris3.jpg */,
				41A4D9FD199347890079C7BC /* paris4.jpg */,
				41A4D9F6199339130079C7BC /* gift.png */,
				41A4D9F41993325E0079C7BC /* s.png */,
				41A4D9EC1990838F0079C7BC /* qr1.png */,
				41A4D9ED1990838F0079C7BC /* qr2.png */,
				41A4D9EE1990838F0079C7BC /* qr3.png */,
				41A4D9EF1990838F0079C7BC /* qr4.jpg */,
				41B4E89219907BE40016F5F9 /* reclogo1.png */,
				41B4E89319907BE40016F5F9 /* reclogo2.png */,
				41B4E89419907BE40016F5F9 /* reclogo3.png */,
				41B4E89519907BE40016F5F9 /* reclogo4.png */,
				41A9AB53198AD17B00768C2C /* cancel.png */,
				41A9AB54198AD17B00768C2C /* ok.png */,
				41A9AB41198AC52700768C2C /* logo1.png */,
				41A9AB42198AC52700768C2C /* logo2.png */,
				41A9AB43198AC52700768C2C /* logo3.png */,
				41A9AB44198AC52700768C2C /* logo4.png */,
				41A9AB45198AC52700768C2C /* logo5.png */,
				41A9AB46198AC52700768C2C /* logo6.png */,
				41A9AB47198AC52700768C2C /* logo7.png */,
				41A9AB48198AC52700768C2C /* plus.png */,
			);
			name = VenueLogos;
			path = ../../../../VenueLogos;
			sourceTree = "<group>";
		};
		41BDB2F2197A07C10043AA8A = {
			isa = PBXGroup;
			children = (
				41BDB304197A07C10043AA8A /* BarTab */,
				41BDB323197A07C10043AA8A /* BarTabTests */,
				41BDB2FD197A07C10043AA8A /* Frameworks */,
				41BDB2FC197A07C10043AA8A /* Products */,
				8517FA205CD94502B6FFBD5C /* Pods-BarTab.xcconfig */,
			);
			sourceTree = "<group>";
		};
		41BDB2FC197A07C10043AA8A /* Products */ = {
			isa = PBXGroup;
			children = (
				41BDB2FB197A07C10043AA8A /* BarTab.app */,
				41BDB31C197A07C10043AA8A /* BarTabTests.xctest */,
			);
			name = Products;
			sourceTree = "<group>";
		};
		41BDB2FD197A07C10043AA8A /* Frameworks */ = {
			isa = PBXGroup;
			children = (
				417463ED19B03E4100BAE23F /* MessageUI.framework */,
				41310B0B1985F7EA00ABCC0D /* MediaPlayer.framework */,
				41BDB333197A0BC10043AA8A /* FacebookSDK.framework */,
				41BDB2FE197A07C10043AA8A /* Foundation.framework */,
				41BDB300197A07C10043AA8A /* CoreGraphics.framework */,
				41BDB302197A07C10043AA8A /* UIKit.framework */,
				41BDB31D197A07C10043AA8A /* XCTest.framework */,
				B4A21F952E16429881E041A7 /* libPods-BarTab.a */,
			);
			name = Frameworks;
			sourceTree = "<group>";
		};
		41BDB304197A07C10043AA8A /* BarTab */ = {
			isa = PBXGroup;
			children = (
				4120C4FF199E704B004704F5 /* ImageAssets */,
				4120C4D5199B2D1A004704F5 /* ChocoCard Icons */,
				41A9AB40198AC52700768C2C /* VenueLogos */,
				4107FACF19987DBD00FBC6BE /* martini */,
				41310B0D1985F8A900ABCC0D /* myvid.m4v */,
				41BDB310197A07C10043AA8A /* Main.storyboard */,
				41D3F62319C1086E009839D3 /* ServerCalls.h */,
				41D3F62419C1086E009839D3 /* ServerCalls.m */,
				411B15AF19AED7CA00202F37 /* SettingsViewController.h */,
				411B15B019AED7CA00202F37 /* SettingsViewController.m */,
				41BDB30D197A07C10043AA8A /* BarTabAppDelegate.h */,
				41BDB30E197A07C10043AA8A /* BarTabAppDelegate.m */,
				41BDB34F1980B5F10043AA8A /* RootTutorialViewController.h */,
				41BDB3501980B5F10043AA8A /* RootTutorialViewController.m */,
				41BDB3441980B32A0043AA8A /* PageContentViewController.h */,
				41BDB3451980B32A0043AA8A /* PageContentViewController.m */,
				41BDB313197A07C10043AA8A /* BarTabViewController.h */,
				41BDB314197A07C10043AA8A /* BarTabViewController.m */,
				4120C55819A51706004704F5 /* MasterRootViewController.h */,
				4120C55919A51706004704F5 /* MasterRootViewController.m */,
				414D4EA21981613900FBE74C /* ReceivingViewController.h */,
				414D4EA31981613900FBE74C /* ReceivingViewController.m */,
				41BDB335197A10530043AA8A /* GivingViewController.h */,
				41BDB336197A10530043AA8A /* GivingViewController.m */,
				41F1E7B819DE654A00CBE3B5 /* ContactsData.h */,
				41F1E7B919DE654A00CBE3B5 /* ContactsData.m */,
				4120C52F19A27D41004704F5 /* DrinkGiftScreen.h */,
				4120C53019A27D41004704F5 /* DrinkGiftScreen.m */,
				4120C527199EB0BB004704F5 /* RoseGiftScreen.h */,
				4120C528199EB0BB004704F5 /* RoseGiftScreen.m */,
				4120C52C19A273E2004704F5 /* ChocolateGiftScreen.h */,
				4120C52D19A273E2004704F5 /* ChocolateGiftScreen.m */,
				4174640019B5660900BAE23F /* GiftHandlingView.h */,
				4174640119B5660900BAE23F /* GiftHandlingView.m */,
				417463EF19B1052400BAE23F /* PrivacyPolicy.txt */,
				417463F119B1083200BAE23F /* TermsAndConditions.txt */,
				41310B071983136900ABCC0D /* KLCPopup */,
				41BDB316197A07C10043AA8A /* Images.xcassets */,
				41BDB305197A07C10043AA8A /* Supporting Files */,
			);
			path = BarTab;
			sourceTree = "<group>";
		};
		41BDB305197A07C10043AA8A /* Supporting Files */ = {
			isa = PBXGroup;
			children = (
				41BDB306197A07C10043AA8A /* BarTab-Info.plist */,
				41BDB307197A07C10043AA8A /* InfoPlist.strings */,
				41BDB30A197A07C10043AA8A /* main.m */,
				41BDB30C197A07C10043AA8A /* BarTab-Prefix.pch */,
			);
			name = "Supporting Files";
			sourceTree = "<group>";
		};
		41BDB323197A07C10043AA8A /* BarTabTests */ = {
			isa = PBXGroup;
			children = (
				41BDB329197A07C10043AA8A /* BarTabTests.m */,
				41BDB324197A07C10043AA8A /* Supporting Files */,
			);
			path = BarTabTests;
			sourceTree = "<group>";
		};
		41BDB324197A07C10043AA8A /* Supporting Files */ = {
			isa = PBXGroup;
			children = (
				41BDB325197A07C10043AA8A /* BarTabTests-Info.plist */,
				41BDB326197A07C10043AA8A /* InfoPlist.strings */,
			);
			name = "Supporting Files";
			sourceTree = "<group>";
		};
/* End PBXGroup section */

/* Begin PBXNativeTarget section */
		41BDB2FA197A07C10043AA8A /* BarTab */ = {
			isa = PBXNativeTarget;
			buildConfigurationList = 41BDB32D197A07C10043AA8A /* Build configuration list for PBXNativeTarget "BarTab" */;
			buildPhases = (
				49B3A833E8D0462FBF8F148B /* Check Pods Manifest.lock */,
				41BDB2F7197A07C10043AA8A /* Sources */,
				41BDB2F8197A07C10043AA8A /* Frameworks */,
				41BDB2F9197A07C10043AA8A /* Resources */,
				31436AF155944656AE8B7364 /* Copy Pods Resources */,
			);
			buildRules = (
			);
			dependencies = (
			);
			name = BarTab;
			productName = BarTab;
			productReference = 41BDB2FB197A07C10043AA8A /* BarTab.app */;
			productType = "com.apple.product-type.application";
		};
		41BDB31B197A07C10043AA8A /* BarTabTests */ = {
			isa = PBXNativeTarget;
			buildConfigurationList = 41BDB330197A07C10043AA8A /* Build configuration list for PBXNativeTarget "BarTabTests" */;
			buildPhases = (
				41BDB318197A07C10043AA8A /* Sources */,
				41BDB319197A07C10043AA8A /* Frameworks */,
				41BDB31A197A07C10043AA8A /* Resources */,
			);
			buildRules = (
			);
			dependencies = (
				41BDB322197A07C10043AA8A /* PBXTargetDependency */,
			);
			name = BarTabTests;
			productName = BarTabTests;
			productReference = 41BDB31C197A07C10043AA8A /* BarTabTests.xctest */;
			productType = "com.apple.product-type.bundle.unit-test";
		};
/* End PBXNativeTarget section */

/* Begin PBXProject section */
		41BDB2F3197A07C10043AA8A /* Project object */ = {
			isa = PBXProject;
			attributes = {
				CLASSPREFIX = BarTab;
				LastUpgradeCheck = 0500;
				ORGANIZATIONNAME = "Sunny Shah";
				TargetAttributes = {
					41BDB2FA197A07C10043AA8A = {
						DevelopmentTeam = 697C46VWB2;
					};
					41BDB31B197A07C10043AA8A = {
						TestTargetID = 41BDB2FA197A07C10043AA8A;
					};
				};
			};
			buildConfigurationList = 41BDB2F6197A07C10043AA8A /* Build configuration list for PBXProject "BarTab" */;
			compatibilityVersion = "Xcode 3.2";
			developmentRegion = English;
			hasScannedForEncodings = 0;
			knownRegions = (
				en,
				Base,
			);
			mainGroup = 41BDB2F2197A07C10043AA8A;
			productRefGroup = 41BDB2FC197A07C10043AA8A /* Products */;
			projectDirPath = "";
			projectRoot = "";
			targets = (
				41BDB2FA197A07C10043AA8A /* BarTab */,
				41BDB31B197A07C10043AA8A /* BarTabTests */,
			);
		};
/* End PBXProject section */

/* Begin PBXResourcesBuildPhase section */
		41BDB2F9197A07C10043AA8A /* Resources */ = {
			isa = PBXResourcesBuildPhase;
			buildActionMask = 2147483647;
			files = (
				4107FB1319987DBD00FBC6BE /* martini_icon8.png in Resources */,
				41A4D9F31990838F0079C7BC /* qr4.jpg in Resources */,
				41A4D9F21990838F0079C7BC /* qr3.png in Resources */,
				4107FB0919987DBD00FBC6BE /* martini_icon29.png in Resources */,
				4120C51B199E704C004704F5 /* gift_outline.png in Resources */,
				417463F519B11B7E00BAE23F /* cardtypes.png in Resources */,
				4107FAFC19987DBD00FBC6BE /* martini_icon17.png in Resources */,
				4120C54B19A3CADC004704F5 /* 3dozen.png in Resources */,
				4120C51A199E704C004704F5 /* Thumbs.db in Resources */,
				4107FB1419987DBD00FBC6BE /* martini_icon9.png in Resources */,
				4120C4DE199B2D1A004704F5 /* chocolate_red.png in Resources */,
				4107FB1519987DBD00FBC6BE /* Thumbs.db in Resources */,
				4120C57719A80CB8004704F5 /* logo_simplified.png in Resources */,
				4107FA8719970B9C00FBC6BE /* navbar.png in Resources */,
				4120C54319A3AF6D004704F5 /* 18ct.png in Resources */,
				417463FE19B391CB00BAE23F /* martini_receiving.png in Resources */,
				41310B0E1985F8FE00ABCC0D /* myvid.m4v in Resources */,
				4107FB0D19987DBD00FBC6BE /* martini_icon32.png in Resources */,
				417463FF19B391CB00BAE23F /* rose_receiving.png in Resources */,
				4120C57119A7A543004704F5 /* deepika.jpg in Resources */,
				4120C525199E704C004704F5 /* send_button.png in Resources */,
				4107FAFB19987DBD00FBC6BE /* martini_icon16.png in Resources */,
				4120C4F6199C5D0A004704F5 /* life is like.png in Resources */,
				41A9AB4F198AC52700768C2C /* logo7.png in Resources */,
				4120C54A19A3CADC004704F5 /* 2dozen.png in Resources */,
				41A9AB4C198AC52700768C2C /* logo4.png in Resources */,
				41A9AB4A198AC52700768C2C /* logo2.png in Resources */,
				4120C522199E704C004704F5 /* Thumbs.db in Resources */,
				41BDB317197A07C10043AA8A /* Images.xcassets in Resources */,
				41A9AB56198AD17B00768C2C /* ok.png in Resources */,
				4107FAF619987DBD00FBC6BE /* martini_icon11.png in Resources */,
				4120C518199E704C004704F5 /* martini_icon.png in Resources */,
				41B4E89719907BE40016F5F9 /* reclogo2.png in Resources */,
				41A9AB4E198AC52700768C2C /* logo6.png in Resources */,
				4120C4FA199C5D0A004704F5 /* x-mark.png in Resources */,
				4120C55119A3D518004704F5 /* drink_circle.png in Resources */,
				41A4D9F51993325E0079C7BC /* s.png in Resources */,
				4120C57019A7A543004704F5 /* ankur.jpg in Resources */,
				4107FB0119987DBD00FBC6BE /* martini_icon21.png in Resources */,
				41A9AB49198AC52700768C2C /* logo1.png in Resources */,
				4107FAF419987DBD00FBC6BE /* martini_icon1.png in Resources */,
				4120C4F1199C5D0A004704F5 /* card_red.png in Resources */,
				4120C4F9199C5D0A004704F5 /* where its heading.png in Resources */,
				41BDB309197A07C10043AA8A /* InfoPlist.strings in Resources */,
				4107FB0219987DBD00FBC6BE /* martini_icon22.png in Resources */,
				4120C57219A7A543004704F5 /* dilip.jpg in Resources */,
				4120C4DC199B2D1A004704F5 /* card_red.png in Resources */,
				4120C57519A7A543004704F5 /* ronak.jpg in Resources */,
				4107FA81199488A600FBC6BE /* regift1.png in Resources */,
				4107FB0619987DBD00FBC6BE /* martini_icon26.png in Resources */,
				41B4E89619907BE40016F5F9 /* reclogo1.png in Resources */,
				4107FAF719987DBD00FBC6BE /* martini_icon12.png in Resources */,
				41A9AB5A198AD95900768C2C /* sampleVarshil.jpg in Resources */,
				4120C55419A452C4004704F5 /* 48ct.png in Resources */,
				4107FB0319987DBD00FBC6BE /* martini_icon23.png in Resources */,
				41A4D9FE199347890079C7BC /* paris1.jpeg in Resources */,
				4107FB1D199887F700FBC6BE /* plate_cutlery_icon.png in Resources */,
				4120C526199E704C004704F5 /* Thumbs.db in Resources */,
				4107FAF319987DBD00FBC6BE /* martini_icon0.png in Resources */,
				4107FAFF19987DBD00FBC6BE /* martini_icon2.png in Resources */,
				4107FB1219987DBD00FBC6BE /* martini_icon7.png in Resources */,
				4107FB0B19987DBD00FBC6BE /* martini_icon30.png in Resources */,
				4107FB1B199887F700FBC6BE /* hallmark_card_icon.png in Resources */,
				4120C55219A3D518004704F5 /* rose_circle.png in Resources */,
				4107FAFD19987DBD00FBC6BE /* martini_icon18.png in Resources */,
				4107FB1019987DBD00FBC6BE /* martini_icon5.png in Resources */,
				41A4D9F11990838F0079C7BC /* qr2.png in Resources */,
				4120C56919A6F3EB004704F5 /* shiv.jpg in Resources */,
				4120C524199E704C004704F5 /* drawer.png in Resources */,
				4107FB0519987DBD00FBC6BE /* martini_icon25.png in Resources */,
				41A9AB52198ACBAA00768C2C /* sampleAbhiSunny.jpg in Resources */,
				4120C516199E704C004704F5 /* chocolate_icon.png in Resources */,
				41A9AB4B198AC52700768C2C /* logo3.png in Resources */,
				4120C4FE199C5D75004704F5 /* chocolate_green.png in Resources */,
				4120C520199E704C004704F5 /* search_outline.png in Resources */,
				4107FB1119987DBD00FBC6BE /* martini_icon6.png in Resources */,
				41A9AB4D198AC52700768C2C /* logo5.png in Resources */,
				4107FAFE19987DBD00FBC6BE /* martini_icon19.png in Resources */,
				4107FB0E19987DBD00FBC6BE /* martini_icon33.png in Resources */,
				4107FAF519987DBD00FBC6BE /* martini_icon10.png in Resources */,
				41BDB312197A07C10043AA8A /* Main.storyboard in Resources */,
				4120C523199E704C004704F5 /* rose_background.png in Resources */,
				4107FB0019987DBD00FBC6BE /* martini_icon20.png in Resources */,
				4120C55019A3D518004704F5 /* chocolate_circle.png in Resources */,
				4120C4F7199C5D0A004704F5 /* what its telling you.png in Resources */,
				4107FB17199883CE00FBC6BE /* martini_icon34.png in Resources */,
				417463F019B1052400BAE23F /* PrivacyPolicy.txt in Resources */,
				4120C4F3199C5D0A004704F5 /* chocolate_faded.png in Resources */,
				4120C519199E704C004704F5 /* rose_icon.png in Resources */,
				417463FD19B391CB00BAE23F /* chocolate_receiving.png in Resources */,
				41A4DA01199347890079C7BC /* paris4.jpg in Resources */,
				4107FB0719987DBD00FBC6BE /* martini_icon27.png in Resources */,
				4120C54919A3CADC004704F5 /* 1dozen.png in Resources */,
				41A4D9F7199339130079C7BC /* gift.png in Resources */,
				4120C4F8199C5D0A004704F5 /* what youre going to get.png in Resources */,
				41A4D9FF199347890079C7BC /* paris2.jpg in Resources */,
				4120C54419A3AF6D004704F5 /* 24ct.png in Resources */,
				4120C4DF199B2D1A004704F5 /* life is like.png in Resources */,
				4107FA8919970B9C00FBC6BE /* search_icon.png in Resources */,
				4120C521199E704C004704F5 /* search_solid.png in Resources */,
				41B4E89819907BE40016F5F9 /* reclogo3.png in Resources */,
				4107FB0A19987DBD00FBC6BE /* martini_icon3.png in Resources */,
				4107FAF919987DBD00FBC6BE /* martini_icon14.png in Resources */,
				4120C56819A6F3EB004704F5 /* nilesh.jpg in Resources */,
				41A9AB58198AD93000768C2C /* sampleEdward.jpg in Resources */,
				4120C51F199E704C004704F5 /* person_solid.png in Resources */,
				41A9AB55198AD17B00768C2C /* cancel.png in Resources */,
				4120C4FD199C5D75004704F5 /* card_green.png in Resources */,
				4107FA7D199484DD00FBC6BE /* regift.png in Resources */,
				4120C4EF199C5D0A004704F5 /* card_faded.png in Resources */,
				41A4D9F01990838F0079C7BC /* qr1.png in Resources */,
				4107FAF819987DBD00FBC6BE /* martini_icon13.png in Resources */,
				4120C53F19A3AB3D004704F5 /* bar bg image.png in Resources */,
				4120C517199E704C004704F5 /* green_overlay.png in Resources */,
				4120C51C199E704C004704F5 /* gift_solid.png in Resources */,
				4120C55C19A6E9D1004704F5 /* settings_solid.png in Resources */,
				41A9AB5C198AE5FB00768C2C /* sampleSunny.jpg in Resources */,
				4107FB0F19987DBD00FBC6BE /* martini_icon4.png in Resources */,
				4120C51E199E704C004704F5 /* person_outline.png in Resources */,
				4107FA8619970B9C00FBC6BE /* gift_icon.png in Resources */,
				4120C55E19A6EA35004704F5 /* logo.png in Resources */,
				4120C4F5199C5D0A004704F5 /* chocolate_red.png in Resources */,
				4107FB0C19987DBD00FBC6BE /* martini_icon31.png in Resources */,
				417463F719B2DBE600BAE23F /* backarrow.png in Resources */,
				4120C57419A7A543004704F5 /* ricky.jpg in Resources */,
				4120C56519A6F3EB004704F5 /* apoorva.jpg in Resources */,
				4107FB0819987DBD00FBC6BE /* martini_icon28.png in Resources */,
				4120C56719A6F3EB004704F5 /* max.jpg in Resources */,
				4107FB1C199887F700FBC6BE /* martini_white_icon.png in Resources */,
				4120C51D199E704C004704F5 /* navbar.png in Resources */,
				4107FAFA19987DBD00FBC6BE /* martini_icon15.png in Resources */,
				4107FB0419987DBD00FBC6BE /* martini_icon24.png in Resources */,
				4120C57319A7A543004704F5 /* kishan.jpg in Resources */,
				4120C56619A6F3EB004704F5 /* krishan.jpg in Resources */,
				41A9AB5E198B313A00768C2C /* sampleNisha.jpg in Resources */,
				41A9AB50198AC52700768C2C /* plus.png in Resources */,
				4120C4F2199C5D0A004704F5 /* checkmark.png in Resources */,
				41B4E89919907BE40016F5F9 /* reclogo4.png in Resources */,
				417463F219B1083200BAE23F /* TermsAndConditions.txt in Resources */,
				41A4DA00199347890079C7BC /* paris3.jpg in Resources */,
				4107FA8819970B9C00FBC6BE /* people_icon.png in Resources */,
				4120C515199E704C004704F5 /* card.png in Resources */,
				417463F919B2DDE400BAE23F /* backarrow2.png in Resources */,
			);
			runOnlyForDeploymentPostprocessing = 0;
		};
		41BDB31A197A07C10043AA8A /* Resources */ = {
			isa = PBXResourcesBuildPhase;
			buildActionMask = 2147483647;
			files = (
				41BDB328197A07C10043AA8A /* InfoPlist.strings in Resources */,
			);
			runOnlyForDeploymentPostprocessing = 0;
		};
/* End PBXResourcesBuildPhase section */

/* Begin PBXShellScriptBuildPhase section */
		31436AF155944656AE8B7364 /* Copy Pods Resources */ = {
			isa = PBXShellScriptBuildPhase;
			buildActionMask = 2147483647;
			files = (
			);
			inputPaths = (
			);
			name = "Copy Pods Resources";
			outputPaths = (
			);
			runOnlyForDeploymentPostprocessing = 0;
			shellPath = /bin/sh;
			shellScript = "\"${SRCROOT}/Pods/Pods-BarTab-resources.sh\"\n";
			showEnvVarsInLog = 0;
		};
		49B3A833E8D0462FBF8F148B /* Check Pods Manifest.lock */ = {
			isa = PBXShellScriptBuildPhase;
			buildActionMask = 2147483647;
			files = (
			);
			inputPaths = (
			);
			name = "Check Pods Manifest.lock";
			outputPaths = (
			);
			runOnlyForDeploymentPostprocessing = 0;
			shellPath = /bin/sh;
			shellScript = "diff \"${PODS_ROOT}/../Podfile.lock\" \"${PODS_ROOT}/Manifest.lock\" > /dev/null\nif [[ $? != 0 ]] ; then\n    cat << EOM\nerror: The sandbox is not in sync with the Podfile.lock. Run 'pod install' or update your CocoaPods installation.\nEOM\n    exit 1\nfi\n";
			showEnvVarsInLog = 0;
		};
/* End PBXShellScriptBuildPhase section */

/* Begin PBXSourcesBuildPhase section */
		41BDB2F7197A07C10043AA8A /* Sources */ = {
			isa = PBXSourcesBuildPhase;
			buildActionMask = 2147483647;
			files = (
				4120C53119A27D41004704F5 /* DrinkGiftScreen.m in Sources */,
				41310B0A1983136900ABCC0D /* KLCPopup.m in Sources */,
				41F1E7BA19DE654A00CBE3B5 /* ContactsData.m in Sources */,
				4120C529199EB0BB004704F5 /* RoseGiftScreen.m in Sources */,
				41BDB337197A10530043AA8A /* GivingViewController.m in Sources */,
				4120C55A19A51706004704F5 /* MasterRootViewController.m in Sources */,
				4174640219B5660900BAE23F /* GiftHandlingView.m in Sources */,
				41BDB315197A07C10043AA8A /* BarTabViewController.m in Sources */,
				41BDB30F197A07C10043AA8A /* BarTabAppDelegate.m in Sources */,
				41BDB3511980B5F10043AA8A /* RootTutorialViewController.m in Sources */,
				41BDB30B197A07C10043AA8A /* main.m in Sources */,
				4120C52E19A273E2004704F5 /* ChocolateGiftScreen.m in Sources */,
				41D3F62519C1086E009839D3 /* ServerCalls.m in Sources */,
				41BDB3461980B32A0043AA8A /* PageContentViewController.m in Sources */,
				414D4EA41981613900FBE74C /* ReceivingViewController.m in Sources */,
				411B15B119AED7CA00202F37 /* SettingsViewController.m in Sources */,
			);
			runOnlyForDeploymentPostprocessing = 0;
		};
		41BDB318197A07C10043AA8A /* Sources */ = {
			isa = PBXSourcesBuildPhase;
			buildActionMask = 2147483647;
			files = (
				41BDB32A197A07C10043AA8A /* BarTabTests.m in Sources */,
			);
			runOnlyForDeploymentPostprocessing = 0;
		};
/* End PBXSourcesBuildPhase section */

/* Begin PBXTargetDependency section */
		41BDB322197A07C10043AA8A /* PBXTargetDependency */ = {
			isa = PBXTargetDependency;
			target = 41BDB2FA197A07C10043AA8A /* BarTab */;
			targetProxy = 41BDB321197A07C10043AA8A /* PBXContainerItemProxy */;
		};
/* End PBXTargetDependency section */

/* Begin PBXVariantGroup section */
		41BDB307197A07C10043AA8A /* InfoPlist.strings */ = {
			isa = PBXVariantGroup;
			children = (
				41BDB308197A07C10043AA8A /* en */,
			);
			name = InfoPlist.strings;
			sourceTree = "<group>";
		};
		41BDB310197A07C10043AA8A /* Main.storyboard */ = {
			isa = PBXVariantGroup;
			children = (
				41BDB311197A07C10043AA8A /* Base */,
			);
			name = Main.storyboard;
			sourceTree = "<group>";
		};
		41BDB326197A07C10043AA8A /* InfoPlist.strings */ = {
			isa = PBXVariantGroup;
			children = (
				41BDB327197A07C10043AA8A /* en */,
			);
			name = InfoPlist.strings;
			sourceTree = "<group>";
		};
/* End PBXVariantGroup section */

/* Begin XCBuildConfiguration section */
		41BDB32B197A07C10043AA8A /* Debug */ = {
			isa = XCBuildConfiguration;
			buildSettings = {
				ALWAYS_SEARCH_USER_PATHS = NO;
				ARCHS = "$(ARCHS_STANDARD_INCLUDING_64_BIT)";
				CLANG_CXX_LANGUAGE_STANDARD = "gnu++0x";
				CLANG_CXX_LIBRARY = "libc++";
				CLANG_ENABLE_MODULES = YES;
				CLANG_ENABLE_OBJC_ARC = YES;
				CLANG_WARN_BOOL_CONVERSION = YES;
				CLANG_WARN_CONSTANT_CONVERSION = YES;
				CLANG_WARN_DIRECT_OBJC_ISA_USAGE = YES_ERROR;
				CLANG_WARN_EMPTY_BODY = YES;
				CLANG_WARN_ENUM_CONVERSION = YES;
				CLANG_WARN_INT_CONVERSION = YES;
				CLANG_WARN_OBJC_ROOT_CLASS = YES_ERROR;
				CLANG_WARN__DUPLICATE_METHOD_MATCH = YES;
				"CODE_SIGN_IDENTITY[sdk=iphoneos*]" = "iPhone Developer";
				COPY_PHASE_STRIP = NO;
				GCC_C_LANGUAGE_STANDARD = gnu99;
				GCC_DYNAMIC_NO_PIC = NO;
				GCC_OPTIMIZATION_LEVEL = 0;
				GCC_PREPROCESSOR_DEFINITIONS = (
					"DEBUG=1",
					"$(inherited)",
				);
				GCC_SYMBOLS_PRIVATE_EXTERN = NO;
				GCC_WARN_64_TO_32_BIT_CONVERSION = YES;
				GCC_WARN_ABOUT_RETURN_TYPE = YES_ERROR;
				GCC_WARN_UNDECLARED_SELECTOR = YES;
				GCC_WARN_UNINITIALIZED_AUTOS = YES;
				GCC_WARN_UNUSED_FUNCTION = YES;
				GCC_WARN_UNUSED_VARIABLE = YES;
				IPHONEOS_DEPLOYMENT_TARGET = 7.0;
				ONLY_ACTIVE_ARCH = YES;
				SDKROOT = iphoneos;
			};
			name = Debug;
		};
		41BDB32C197A07C10043AA8A /* Release */ = {
			isa = XCBuildConfiguration;
			buildSettings = {
				ALWAYS_SEARCH_USER_PATHS = NO;
				ARCHS = "$(ARCHS_STANDARD_INCLUDING_64_BIT)";
				CLANG_CXX_LANGUAGE_STANDARD = "gnu++0x";
				CLANG_CXX_LIBRARY = "libc++";
				CLANG_ENABLE_MODULES = YES;
				CLANG_ENABLE_OBJC_ARC = YES;
				CLANG_WARN_BOOL_CONVERSION = YES;
				CLANG_WARN_CONSTANT_CONVERSION = YES;
				CLANG_WARN_DIRECT_OBJC_ISA_USAGE = YES_ERROR;
				CLANG_WARN_EMPTY_BODY = YES;
				CLANG_WARN_ENUM_CONVERSION = YES;
				CLANG_WARN_INT_CONVERSION = YES;
				CLANG_WARN_OBJC_ROOT_CLASS = YES_ERROR;
				CLANG_WARN__DUPLICATE_METHOD_MATCH = YES;
				"CODE_SIGN_IDENTITY[sdk=iphoneos*]" = "iPhone Developer";
				COPY_PHASE_STRIP = YES;
				ENABLE_NS_ASSERTIONS = NO;
				GCC_C_LANGUAGE_STANDARD = gnu99;
				GCC_WARN_64_TO_32_BIT_CONVERSION = YES;
				GCC_WARN_ABOUT_RETURN_TYPE = YES_ERROR;
				GCC_WARN_UNDECLARED_SELECTOR = YES;
				GCC_WARN_UNINITIALIZED_AUTOS = YES;
				GCC_WARN_UNUSED_FUNCTION = YES;
				GCC_WARN_UNUSED_VARIABLE = YES;
				IPHONEOS_DEPLOYMENT_TARGET = 7.0;
				SDKROOT = iphoneos;
				VALIDATE_PRODUCT = YES;
			};
			name = Release;
		};
		41BDB32E197A07C10043AA8A /* Debug */ = {
			isa = XCBuildConfiguration;
			baseConfigurationReference = 8517FA205CD94502B6FFBD5C /* Pods-BarTab.xcconfig */;
			buildSettings = {
				ASSETCATALOG_COMPILER_APPICON_NAME = AppIcon;
				ASSETCATALOG_COMPILER_LAUNCHIMAGE_NAME = LaunchImage;
				FRAMEWORK_SEARCH_PATHS = (
					"$(inherited)",
					/Users/sunnyshah/Documents/FacebookSDK,
				);
				GCC_PRECOMPILE_PREFIX_HEADER = YES;
				GCC_PREFIX_HEADER = "BarTab/BarTab-Prefix.pch";
				INFOPLIST_FILE = "BarTab/BarTab-Info.plist";
				PRODUCT_NAME = "$(TARGET_NAME)";
				WRAPPER_EXTENSION = app;
			};
			name = Debug;
		};
		41BDB32F197A07C10043AA8A /* Release */ = {
			isa = XCBuildConfiguration;
			baseConfigurationReference = 8517FA205CD94502B6FFBD5C /* Pods-BarTab.xcconfig */;
			buildSettings = {
				ASSETCATALOG_COMPILER_APPICON_NAME = AppIcon;
				ASSETCATALOG_COMPILER_LAUNCHIMAGE_NAME = LaunchImage;
				FRAMEWORK_SEARCH_PATHS = (
					"$(inherited)",
					/Users/sunnyshah/Documents/FacebookSDK,
				);
				GCC_PRECOMPILE_PREFIX_HEADER = YES;
				GCC_PREFIX_HEADER = "BarTab/BarTab-Prefix.pch";
				INFOPLIST_FILE = "BarTab/BarTab-Info.plist";
				PRODUCT_NAME = "$(TARGET_NAME)";
				WRAPPER_EXTENSION = app;
			};
			name = Release;
		};
		41BDB331197A07C10043AA8A /* Debug */ = {
			isa = XCBuildConfiguration;
			buildSettings = {
				ARCHS = "$(ARCHS_STANDARD_INCLUDING_64_BIT)";
				BUNDLE_LOADER = "$(BUILT_PRODUCTS_DIR)/BarTab.app/BarTab";
				FRAMEWORK_SEARCH_PATHS = (
					"$(SDKROOT)/Developer/Library/Frameworks",
					"$(inherited)",
					"$(DEVELOPER_FRAMEWORKS_DIR)",
				);
				GCC_PRECOMPILE_PREFIX_HEADER = YES;
				GCC_PREFIX_HEADER = "BarTab/BarTab-Prefix.pch";
				GCC_PREPROCESSOR_DEFINITIONS = (
					"DEBUG=1",
					"$(inherited)",
				);
				INFOPLIST_FILE = "BarTabTests/BarTabTests-Info.plist";
				PRODUCT_NAME = "$(TARGET_NAME)";
				TEST_HOST = "$(BUNDLE_LOADER)";
				WRAPPER_EXTENSION = xctest;
			};
			name = Debug;
		};
		41BDB332197A07C10043AA8A /* Release */ = {
			isa = XCBuildConfiguration;
			buildSettings = {
				ARCHS = "$(ARCHS_STANDARD_INCLUDING_64_BIT)";
				BUNDLE_LOADER = "$(BUILT_PRODUCTS_DIR)/BarTab.app/BarTab";
				FRAMEWORK_SEARCH_PATHS = (
					"$(SDKROOT)/Developer/Library/Frameworks",
					"$(inherited)",
					"$(DEVELOPER_FRAMEWORKS_DIR)",
				);
				GCC_PRECOMPILE_PREFIX_HEADER = YES;
				GCC_PREFIX_HEADER = "BarTab/BarTab-Prefix.pch";
				INFOPLIST_FILE = "BarTabTests/BarTabTests-Info.plist";
				PRODUCT_NAME = "$(TARGET_NAME)";
				TEST_HOST = "$(BUNDLE_LOADER)";
				WRAPPER_EXTENSION = xctest;
			};
			name = Release;
		};
/* End XCBuildConfiguration section */

/* Begin XCConfigurationList section */
		41BDB2F6197A07C10043AA8A /* Build configuration list for PBXProject "BarTab" */ = {
			isa = XCConfigurationList;
			buildConfigurations = (
				41BDB32B197A07C10043AA8A /* Debug */,
				41BDB32C197A07C10043AA8A /* Release */,
			);
			defaultConfigurationIsVisible = 0;
			defaultConfigurationName = Release;
		};
		41BDB32D197A07C10043AA8A /* Build configuration list for PBXNativeTarget "BarTab" */ = {
			isa = XCConfigurationList;
			buildConfigurations = (
				41BDB32E197A07C10043AA8A /* Debug */,
				41BDB32F197A07C10043AA8A /* Release */,
			);
			defaultConfigurationIsVisible = 0;
			defaultConfigurationName = Release;
		};
		41BDB330197A07C10043AA8A /* Build configuration list for PBXNativeTarget "BarTabTests" */ = {
			isa = XCConfigurationList;
			buildConfigurations = (
				41BDB331197A07C10043AA8A /* Debug */,
				41BDB332197A07C10043AA8A /* Release */,
			);
			defaultConfigurationIsVisible = 0;
			defaultConfigurationName = Release;
		};
/* End XCConfigurationList section */
	};
	rootObject = 41BDB2F3197A07C10043AA8A /* Project object */;
}
